// !$*UTF8*$!
{
	archiveVersion = 1;
	classes = {
	};
	objectVersion = 52;
	objects = {

/* Begin PBXBuildFile section */
		3F0E5419227D47CC008E0F6A /* URL+Extension.swift in Sources */ = {isa = PBXBuildFile; fileRef = 3F0E5418227D47CC008E0F6A /* URL+Extension.swift */; };
		3F101227227DB0A60018D3E0 /* StubFileSaver.swift in Sources */ = {isa = PBXBuildFile; fileRef = 3F101226227DB0A60018D3E0 /* StubFileSaver.swift */; };
		3F101228227DB0A60018D3E0 /* StubFileSaver.swift in Sources */ = {isa = PBXBuildFile; fileRef = 3F101226227DB0A60018D3E0 /* StubFileSaver.swift */; };
		3F19675D2287FFEF00199246 /* StubPlayTests.swift in Sources */ = {isa = PBXBuildFile; fileRef = 3F19675C2287FFEF00199246 /* StubPlayTests.swift */; };
		3F1F0E6F2275B407005FB5DD /* StubFolderCache.swift in Sources */ = {isa = PBXBuildFile; fileRef = 3F1F0E6E2275B407005FB5DD /* StubFolderCache.swift */; };
		3F1F0E702275B407005FB5DD /* StubFolderCache.swift in Sources */ = {isa = PBXBuildFile; fileRef = 3F1F0E6E2275B407005FB5DD /* StubFolderCache.swift */; };
		3F1F0E722275CC04005FB5DD /* StubFolderCacheTests.swift in Sources */ = {isa = PBXBuildFile; fileRef = 3F1F0E712275CC04005FB5DD /* StubFolderCacheTests.swift */; };
		3F3180772264979E00863A32 /* RewriteRuleCreateTests.swift in Sources */ = {isa = PBXBuildFile; fileRef = 3F3180762264979E00863A32 /* RewriteRuleCreateTests.swift */; };
		3F31807A2264A21A00863A32 /* StubTests.swift in Sources */ = {isa = PBXBuildFile; fileRef = 3F3180792264A21A00863A32 /* StubTests.swift */; };
		3F44FC842296AD4E0086A7C6 /* Logger.swift in Sources */ = {isa = PBXBuildFile; fileRef = 3F44FC832296AD4E0086A7C6 /* Logger.swift */; };
		3F44FC852296AD4E0086A7C6 /* Logger.swift in Sources */ = {isa = PBXBuildFile; fileRef = 3F44FC832296AD4E0086A7C6 /* Logger.swift */; };
		3F576869224CC2B100BBC26C /* FilenameFormatterTests.swift in Sources */ = {isa = PBXBuildFile; fileRef = 3F576868224CC2B100BBC26C /* FilenameFormatterTests.swift */; };
		3F75A8F2227B24F0003AA140 /* Counter.swift in Sources */ = {isa = PBXBuildFile; fileRef = 3F75A8F1227B24F0003AA140 /* Counter.swift */; };
		3F75A8F3227B24F0003AA140 /* Counter.swift in Sources */ = {isa = PBXBuildFile; fileRef = 3F75A8F1227B24F0003AA140 /* Counter.swift */; };
		3F843C2922425B6F0007BBA4 /* StubPlay.framework in Frameworks */ = {isa = PBXBuildFile; fileRef = 3F843C1F22425B6F0007BBA4 /* StubPlay.framework */; };
		3F843C3022425B6F0007BBA4 /* StubPlay-Swift.h in Headers */ = {isa = PBXBuildFile; fileRef = 3F843C2222425B6F0007BBA4 /* StubPlay-Swift.h */; settings = {ATTRIBUTES = (Public, ); }; };
		3F8C986422618EC600717E14 /* RewriteRuleMatchesTests.swift in Sources */ = {isa = PBXBuildFile; fileRef = 3F8C986322618EC600717E14 /* RewriteRuleMatchesTests.swift */; };
		3F8C98662261F2F800717E14 /* FilenameFormatter.swift in Sources */ = {isa = PBXBuildFile; fileRef = 3F8C98652261F2F800717E14 /* FilenameFormatter.swift */; };
		3F8C98672261F2F800717E14 /* FilenameFormatter.swift in Sources */ = {isa = PBXBuildFile; fileRef = 3F8C98652261F2F800717E14 /* FilenameFormatter.swift */; };
		3F8C98692261F39F00717E14 /* FilesManager.swift in Sources */ = {isa = PBXBuildFile; fileRef = 3F8C98682261F39F00717E14 /* FilesManager.swift */; };
		3F8C986A2261F39F00717E14 /* FilesManager.swift in Sources */ = {isa = PBXBuildFile; fileRef = 3F8C98682261F39F00717E14 /* FilesManager.swift */; };
		3F8C986C2261F55E00717E14 /* FilesManagerTests.swift in Sources */ = {isa = PBXBuildFile; fileRef = 3F8C986B2261F55E00717E14 /* FilesManagerTests.swift */; };
		3F8DD543264684ED00B9A98D /* Stub+Name.swift in Sources */ = {isa = PBXBuildFile; fileRef = 3F8DD542264684ED00B9A98D /* Stub+Name.swift */; };
		3F8DD544264684ED00B9A98D /* Stub+Name.swift in Sources */ = {isa = PBXBuildFile; fileRef = 3F8DD542264684ED00B9A98D /* Stub+Name.swift */; };
		3F8DD5462646860A00B9A98D /* StubNameTests.swift in Sources */ = {isa = PBXBuildFile; fileRef = 3F8DD5452646860A00B9A98D /* StubNameTests.swift */; };
		3F8DD5472646860A00B9A98D /* StubNameTests.swift in Sources */ = {isa = PBXBuildFile; fileRef = 3F8DD5452646860A00B9A98D /* StubNameTests.swift */; };
		3F8DD5492646970E00B9A98D /* StringExtensionsTests.swift in Sources */ = {isa = PBXBuildFile; fileRef = 3F8DD5482646970E00B9A98D /* StringExtensionsTests.swift */; };
		3F8DD54A2646970E00B9A98D /* StringExtensionsTests.swift in Sources */ = {isa = PBXBuildFile; fileRef = 3F8DD5482646970E00B9A98D /* StringExtensionsTests.swift */; };
		3F943A072289921E00655968 /* FilenameFormatterTests.swift in Sources */ = {isa = PBXBuildFile; fileRef = 3F576868224CC2B100BBC26C /* FilenameFormatterTests.swift */; };
		3F943A082289929900655968 /* StubURLProtocolTests.swift in Sources */ = {isa = PBXBuildFile; fileRef = 3FDDD88A227C68FE00F1CB37 /* StubURLProtocolTests.swift */; };
		3F943A092289929F00655968 /* FilesManagerFiles in Resources */ = {isa = PBXBuildFile; fileRef = 3FD3DF41227B048A00953856 /* FilesManagerFiles */; };
		3F943A0A228992A300655968 /* FilesManagerTests.swift in Sources */ = {isa = PBXBuildFile; fileRef = 3F8C986B2261F55E00717E14 /* FilesManagerTests.swift */; };
		3F943A0B228992CF00655968 /* URLSessionConfiguration+Extension.swift in Sources */ = {isa = PBXBuildFile; fileRef = 3FDDD88C227C6A7100F1CB37 /* URLSessionConfiguration+Extension.swift */; };
		3F943A0C228992E000655968 /* StubFolderCacheFiles in Resources */ = {isa = PBXBuildFile; fileRef = 3FD3DF36227B03F300953856 /* StubFolderCacheFiles */; };
		3F943A0D228992E300655968 /* StubFolderCacheTests.swift in Sources */ = {isa = PBXBuildFile; fileRef = 3F1F0E712275CC04005FB5DD /* StubFolderCacheTests.swift */; };
		3F943A0E228992E600655968 /* StubFolderCacheMultilpleFolderTests.swift in Sources */ = {isa = PBXBuildFile; fileRef = 3FBDB1412289796D006CC848 /* StubFolderCacheMultilpleFolderTests.swift */; };
		3F943A0F228992E600655968 /* StubFolderCacheBodyDataTests.swift in Sources */ = {isa = PBXBuildFile; fileRef = 3FC46D6E2286917E0021E275 /* StubFolderCacheBodyDataTests.swift */; };
		3F943A10228992E600655968 /* StubPlayTests.swift in Sources */ = {isa = PBXBuildFile; fileRef = 3F19675C2287FFEF00199246 /* StubPlayTests.swift */; };
		3F943A11228992E600655968 /* StubFolderCacheLoadTests.swift in Sources */ = {isa = PBXBuildFile; fileRef = 3FD3DF30227AF9B600953856 /* StubFolderCacheLoadTests.swift */; };
		3F943A12228992FE00655968 /* RewriteRuleMatchesTests.swift in Sources */ = {isa = PBXBuildFile; fileRef = 3F8C986322618EC600717E14 /* RewriteRuleMatchesTests.swift */; };
		3F943A132289930400655968 /* RewriteRuleCreateTests.swift in Sources */ = {isa = PBXBuildFile; fileRef = 3F3180762264979E00863A32 /* RewriteRuleCreateTests.swift */; };
		3F943A142289930B00655968 /* StubTests.swift in Sources */ = {isa = PBXBuildFile; fileRef = 3F3180792264A21A00863A32 /* StubTests.swift */; };
		3FAE4E4022425D3D005EF99D /* StubPlay.framework in Frameworks */ = {isa = PBXBuildFile; fileRef = 3FAE4E3722425D3D005EF99D /* StubPlay.framework */; };
		3FAE4E5222425F40005EF99D /* Stub.swift in Sources */ = {isa = PBXBuildFile; fileRef = 3FAE4E5122425F40005EF99D /* Stub.swift */; };
		3FAE4E5322425F40005EF99D /* Stub.swift in Sources */ = {isa = PBXBuildFile; fileRef = 3FAE4E5122425F40005EF99D /* Stub.swift */; };
		3FB169BD2296C97E0014773C /* HlsPlaylist.swift in Sources */ = {isa = PBXBuildFile; fileRef = 3FB169BA2296C97E0014773C /* HlsPlaylist.swift */; };
		3FB169BE2296C97E0014773C /* HlsPlaylist.swift in Sources */ = {isa = PBXBuildFile; fileRef = 3FB169BA2296C97E0014773C /* HlsPlaylist.swift */; };
		3FB169BF2296C97E0014773C /* AssetResourceLoader.swift in Sources */ = {isa = PBXBuildFile; fileRef = 3FB169BB2296C97E0014773C /* AssetResourceLoader.swift */; };
		3FB169C02296C97E0014773C /* AssetResourceLoader.swift in Sources */ = {isa = PBXBuildFile; fileRef = 3FB169BB2296C97E0014773C /* AssetResourceLoader.swift */; };
		3FB169C12296C97E0014773C /* StubServer.swift in Sources */ = {isa = PBXBuildFile; fileRef = 3FB169BC2296C97E0014773C /* StubServer.swift */; };
		3FB169C22296C97E0014773C /* StubServer.swift in Sources */ = {isa = PBXBuildFile; fileRef = 3FB169BC2296C97E0014773C /* StubServer.swift */; };
		3FB169C42296D1630014773C /* String+Extension.swift in Sources */ = {isa = PBXBuildFile; fileRef = 3FB169C32296D1630014773C /* String+Extension.swift */; };
		3FB169C52296D1630014773C /* String+Extension.swift in Sources */ = {isa = PBXBuildFile; fileRef = 3FB169C32296D1630014773C /* String+Extension.swift */; };
		3FBC1CDB22426A2600B8F41F /* StubManager.swift in Sources */ = {isa = PBXBuildFile; fileRef = 3FBC1CDA22426A2600B8F41F /* StubManager.swift */; };
		3FBC1CDC22426A2600B8F41F /* StubManager.swift in Sources */ = {isa = PBXBuildFile; fileRef = 3FBC1CDA22426A2600B8F41F /* StubManager.swift */; };
		3FBDB1422289796D006CC848 /* StubFolderCacheMultilpleFolderTests.swift in Sources */ = {isa = PBXBuildFile; fileRef = 3FBDB1412289796D006CC848 /* StubFolderCacheMultilpleFolderTests.swift */; };
		3FC46D6F2286917E0021E275 /* StubFolderCacheBodyDataTests.swift in Sources */ = {isa = PBXBuildFile; fileRef = 3FC46D6E2286917E0021E275 /* StubFolderCacheBodyDataTests.swift */; };
		3FD24534241497DF00D285F5 /* StubPlay+Extension.swift in Sources */ = {isa = PBXBuildFile; fileRef = 3FD24533241497DF00D285F5 /* StubPlay+Extension.swift */; };
		3FD24535241497DF00D285F5 /* StubPlay+Extension.swift in Sources */ = {isa = PBXBuildFile; fileRef = 3FD24533241497DF00D285F5 /* StubPlay+Extension.swift */; };
		3FD245372414985100D285F5 /* StubConfig.swift in Sources */ = {isa = PBXBuildFile; fileRef = 3FD245362414985100D285F5 /* StubConfig.swift */; };
		3FD245382414985100D285F5 /* StubConfig.swift in Sources */ = {isa = PBXBuildFile; fileRef = 3FD245362414985100D285F5 /* StubConfig.swift */; };
		3FD3DF31227AF9B600953856 /* StubFolderCacheLoadTests.swift in Sources */ = {isa = PBXBuildFile; fileRef = 3FD3DF30227AF9B600953856 /* StubFolderCacheLoadTests.swift */; };
		3FD3DF37227B03F400953856 /* StubFolderCacheFiles in Resources */ = {isa = PBXBuildFile; fileRef = 3FD3DF36227B03F300953856 /* StubFolderCacheFiles */; };
		3FD3DF42227B048A00953856 /* FilesManagerFiles in Resources */ = {isa = PBXBuildFile; fileRef = 3FD3DF41227B048A00953856 /* FilesManagerFiles */; };
		3FDDD88B227C68FE00F1CB37 /* StubURLProtocolTests.swift in Sources */ = {isa = PBXBuildFile; fileRef = 3FDDD88A227C68FE00F1CB37 /* StubURLProtocolTests.swift */; };
		3FDDD88D227C6A7100F1CB37 /* URLSessionConfiguration+Extension.swift in Sources */ = {isa = PBXBuildFile; fileRef = 3FDDD88C227C6A7100F1CB37 /* URLSessionConfiguration+Extension.swift */; };
		3FDDD88F227C6DBD00F1CB37 /* StubURLProtocolFiles in Resources */ = {isa = PBXBuildFile; fileRef = 3FDDD88E227C6DBD00F1CB37 /* StubURLProtocolFiles */; };
		3FDDD890227C6DBD00F1CB37 /* StubURLProtocolFiles in Resources */ = {isa = PBXBuildFile; fileRef = 3FDDD88E227C6DBD00F1CB37 /* StubURLProtocolFiles */; };
		3FDE77A1263D1AF900E71DBF /* Swifter in Frameworks */ = {isa = PBXBuildFile; productRef = 3FDE77A0263D1AF900E71DBF /* Swifter */; };
		3FF207A4227C4C58000202B0 /* StubURLProtocol.swift in Sources */ = {isa = PBXBuildFile; fileRef = 3FF207A3227C4C58000202B0 /* StubURLProtocol.swift */; };
		3FF207A5227C4C59000202B0 /* StubURLProtocol.swift in Sources */ = {isa = PBXBuildFile; fileRef = 3FF207A3227C4C58000202B0 /* StubURLProtocol.swift */; };
		3FF54B9026455B180026BB50 /* StubPlay iOS.xctestplan in Resources */ = {isa = PBXBuildFile; fileRef = 3FF54B8F26455B180026BB50 /* StubPlay iOS.xctestplan */; };
		3FF54B9126455B180026BB50 /* StubPlay iOS.xctestplan in Resources */ = {isa = PBXBuildFile; fileRef = 3FF54B8F26455B180026BB50 /* StubPlay iOS.xctestplan */; };
		3FFC2598228058A600BC47E8 /* StubPlay.swift in Sources */ = {isa = PBXBuildFile; fileRef = 3FFC2597228058A600BC47E8 /* StubPlay.swift */; };
		3FFC2599228058A600BC47E8 /* StubPlay.swift in Sources */ = {isa = PBXBuildFile; fileRef = 3FFC2597228058A600BC47E8 /* StubPlay.swift */; };
		3FFE5A70263D0B53005DAFB3 /* Swifter in Frameworks */ = {isa = PBXBuildFile; productRef = 3FFE5A6F263D0B53005DAFB3 /* Swifter */; };
		3FFF8A632287010A008D179A /* URL+Extension.swift in Sources */ = {isa = PBXBuildFile; fileRef = 3F0E5418227D47CC008E0F6A /* URL+Extension.swift */; };
/* End PBXBuildFile section */

/* Begin PBXContainerItemProxy section */
		3F843C2A22425B6F0007BBA4 /* PBXContainerItemProxy */ = {
			isa = PBXContainerItemProxy;
			containerPortal = 3F843C1622425B6F0007BBA4 /* Project object */;
			proxyType = 1;
			remoteGlobalIDString = 3F843C1E22425B6F0007BBA4;
			remoteInfo = StubPlay;
		};
		3FAE4E4122425D3D005EF99D /* PBXContainerItemProxy */ = {
			isa = PBXContainerItemProxy;
			containerPortal = 3F843C1622425B6F0007BBA4 /* Project object */;
			proxyType = 1;
			remoteGlobalIDString = 3FAE4E3622425D3D005EF99D;
			remoteInfo = "StubPlay tvOS";
		};
/* End PBXContainerItemProxy section */

/* Begin PBXFileReference section */
		3F0E5418227D47CC008E0F6A /* URL+Extension.swift */ = {isa = PBXFileReference; lastKnownFileType = sourcecode.swift; path = "URL+Extension.swift"; sourceTree = "<group>"; };
		3F101226227DB0A60018D3E0 /* StubFileSaver.swift */ = {isa = PBXFileReference; lastKnownFileType = sourcecode.swift; path = StubFileSaver.swift; sourceTree = "<group>"; };
		3F19675C2287FFEF00199246 /* StubPlayTests.swift */ = {isa = PBXFileReference; lastKnownFileType = sourcecode.swift; path = StubPlayTests.swift; sourceTree = "<group>"; };
		3F1F0E6E2275B407005FB5DD /* StubFolderCache.swift */ = {isa = PBXFileReference; lastKnownFileType = sourcecode.swift; path = StubFolderCache.swift; sourceTree = "<group>"; };
		3F1F0E712275CC04005FB5DD /* StubFolderCacheTests.swift */ = {isa = PBXFileReference; lastKnownFileType = sourcecode.swift; path = StubFolderCacheTests.swift; sourceTree = "<group>"; };
		3F3180762264979E00863A32 /* RewriteRuleCreateTests.swift */ = {isa = PBXFileReference; lastKnownFileType = sourcecode.swift; path = RewriteRuleCreateTests.swift; sourceTree = "<group>"; };
		3F3180792264A21A00863A32 /* StubTests.swift */ = {isa = PBXFileReference; lastKnownFileType = sourcecode.swift; path = StubTests.swift; sourceTree = "<group>"; };
		3F44FC832296AD4E0086A7C6 /* Logger.swift */ = {isa = PBXFileReference; lastKnownFileType = sourcecode.swift; path = Logger.swift; sourceTree = "<group>"; };
		3F50E62D2518CF600074307F /* StubPlay.podspec */ = {isa = PBXFileReference; lastKnownFileType = text; path = StubPlay.podspec; sourceTree = "<group>"; };
		3F576868224CC2B100BBC26C /* FilenameFormatterTests.swift */ = {isa = PBXFileReference; lastKnownFileType = sourcecode.swift; path = FilenameFormatterTests.swift; sourceTree = "<group>"; };
		3F75A8F1227B24F0003AA140 /* Counter.swift */ = {isa = PBXFileReference; lastKnownFileType = sourcecode.swift; path = Counter.swift; sourceTree = "<group>"; };
		3F843C1F22425B6F0007BBA4 /* StubPlay.framework */ = {isa = PBXFileReference; explicitFileType = wrapper.framework; includeInIndex = 0; path = StubPlay.framework; sourceTree = BUILT_PRODUCTS_DIR; };
		3F843C2222425B6F0007BBA4 /* StubPlay-Swift.h */ = {isa = PBXFileReference; lastKnownFileType = sourcecode.c.h; path = "StubPlay-Swift.h"; sourceTree = "<group>"; };
		3F843C2322425B6F0007BBA4 /* Info.plist */ = {isa = PBXFileReference; lastKnownFileType = text.plist.xml; path = Info.plist; sourceTree = "<group>"; };
		3F843C2822425B6F0007BBA4 /* StubPlayTests.xctest */ = {isa = PBXFileReference; explicitFileType = wrapper.cfbundle; includeInIndex = 0; path = StubPlayTests.xctest; sourceTree = BUILT_PRODUCTS_DIR; };
		3F843C2F22425B6F0007BBA4 /* Info.plist */ = {isa = PBXFileReference; lastKnownFileType = text.plist.xml; path = Info.plist; sourceTree = "<group>"; };
		3F8C986322618EC600717E14 /* RewriteRuleMatchesTests.swift */ = {isa = PBXFileReference; lastKnownFileType = sourcecode.swift; path = RewriteRuleMatchesTests.swift; sourceTree = "<group>"; };
		3F8C98652261F2F800717E14 /* FilenameFormatter.swift */ = {isa = PBXFileReference; lastKnownFileType = sourcecode.swift; path = FilenameFormatter.swift; sourceTree = "<group>"; };
		3F8C98682261F39F00717E14 /* FilesManager.swift */ = {isa = PBXFileReference; lastKnownFileType = sourcecode.swift; path = FilesManager.swift; sourceTree = "<group>"; };
		3F8C986B2261F55E00717E14 /* FilesManagerTests.swift */ = {isa = PBXFileReference; lastKnownFileType = sourcecode.swift; path = FilesManagerTests.swift; sourceTree = "<group>"; };
		3F8DD542264684ED00B9A98D /* Stub+Name.swift */ = {isa = PBXFileReference; lastKnownFileType = sourcecode.swift; path = "Stub+Name.swift"; sourceTree = "<group>"; };
		3F8DD5452646860A00B9A98D /* StubNameTests.swift */ = {isa = PBXFileReference; lastKnownFileType = sourcecode.swift; path = StubNameTests.swift; sourceTree = "<group>"; };
		3F8DD5482646970E00B9A98D /* StringExtensionsTests.swift */ = {isa = PBXFileReference; lastKnownFileType = sourcecode.swift; path = StringExtensionsTests.swift; sourceTree = "<group>"; };
		3F97B29522BA6D2800CB343F /* Swifter.framework */ = {isa = PBXFileReference; lastKnownFileType = wrapper.framework; name = Swifter.framework; path = Carthage/Build/iOS/Swifter.framework; sourceTree = "<group>"; };
		3F97B29722BA6D3B00CB343F /* Swifter.framework */ = {isa = PBXFileReference; lastKnownFileType = wrapper.framework; name = Swifter.framework; path = Carthage/Build/tvOS/Swifter.framework; sourceTree = "<group>"; };
		3FAE4E3722425D3D005EF99D /* StubPlay.framework */ = {isa = PBXFileReference; explicitFileType = wrapper.framework; includeInIndex = 0; path = StubPlay.framework; sourceTree = BUILT_PRODUCTS_DIR; };
		3FAE4E3F22425D3D005EF99D /* StubPlay tvOSTests.xctest */ = {isa = PBXFileReference; explicitFileType = wrapper.cfbundle; includeInIndex = 0; path = "StubPlay tvOSTests.xctest"; sourceTree = BUILT_PRODUCTS_DIR; };
		3FAE4E5122425F40005EF99D /* Stub.swift */ = {isa = PBXFileReference; lastKnownFileType = sourcecode.swift; path = Stub.swift; sourceTree = "<group>"; };
		3FB169BA2296C97E0014773C /* HlsPlaylist.swift */ = {isa = PBXFileReference; fileEncoding = 4; lastKnownFileType = sourcecode.swift; path = HlsPlaylist.swift; sourceTree = "<group>"; };
		3FB169BB2296C97E0014773C /* AssetResourceLoader.swift */ = {isa = PBXFileReference; fileEncoding = 4; lastKnownFileType = sourcecode.swift; path = AssetResourceLoader.swift; sourceTree = "<group>"; };
		3FB169BC2296C97E0014773C /* StubServer.swift */ = {isa = PBXFileReference; fileEncoding = 4; lastKnownFileType = sourcecode.swift; path = StubServer.swift; sourceTree = "<group>"; };
		3FB169C32296D1630014773C /* String+Extension.swift */ = {isa = PBXFileReference; fileEncoding = 4; lastKnownFileType = sourcecode.swift; path = "String+Extension.swift"; sourceTree = "<group>"; };
		3FBC1CDA22426A2600B8F41F /* StubManager.swift */ = {isa = PBXFileReference; lastKnownFileType = sourcecode.swift; path = StubManager.swift; sourceTree = "<group>"; };
		3FBDB1412289796D006CC848 /* StubFolderCacheMultilpleFolderTests.swift */ = {isa = PBXFileReference; lastKnownFileType = sourcecode.swift; path = StubFolderCacheMultilpleFolderTests.swift; sourceTree = "<group>"; };
		3FC46D6E2286917E0021E275 /* StubFolderCacheBodyDataTests.swift */ = {isa = PBXFileReference; lastKnownFileType = sourcecode.swift; path = StubFolderCacheBodyDataTests.swift; sourceTree = "<group>"; };
		3FD24533241497DF00D285F5 /* StubPlay+Extension.swift */ = {isa = PBXFileReference; lastKnownFileType = sourcecode.swift; path = "StubPlay+Extension.swift"; sourceTree = "<group>"; };
		3FD245362414985100D285F5 /* StubConfig.swift */ = {isa = PBXFileReference; lastKnownFileType = sourcecode.swift; path = StubConfig.swift; sourceTree = "<group>"; };
		3FD3DF30227AF9B600953856 /* StubFolderCacheLoadTests.swift */ = {isa = PBXFileReference; lastKnownFileType = sourcecode.swift; path = StubFolderCacheLoadTests.swift; sourceTree = "<group>"; };
		3FD3DF36227B03F300953856 /* StubFolderCacheFiles */ = {isa = PBXFileReference; lastKnownFileType = folder; path = StubFolderCacheFiles; sourceTree = "<group>"; };
		3FD3DF41227B048A00953856 /* FilesManagerFiles */ = {isa = PBXFileReference; lastKnownFileType = folder; path = FilesManagerFiles; sourceTree = "<group>"; };
		3FDDD88A227C68FE00F1CB37 /* StubURLProtocolTests.swift */ = {isa = PBXFileReference; lastKnownFileType = sourcecode.swift; path = StubURLProtocolTests.swift; sourceTree = "<group>"; };
		3FDDD88C227C6A7100F1CB37 /* URLSessionConfiguration+Extension.swift */ = {isa = PBXFileReference; lastKnownFileType = sourcecode.swift; path = "URLSessionConfiguration+Extension.swift"; sourceTree = "<group>"; };
		3FDDD88E227C6DBD00F1CB37 /* StubURLProtocolFiles */ = {isa = PBXFileReference; lastKnownFileType = folder; path = StubURLProtocolFiles; sourceTree = "<group>"; };
		3FF207A3227C4C58000202B0 /* StubURLProtocol.swift */ = {isa = PBXFileReference; lastKnownFileType = sourcecode.swift; path = StubURLProtocol.swift; sourceTree = "<group>"; };
		3FF54B8F26455B180026BB50 /* StubPlay iOS.xctestplan */ = {isa = PBXFileReference; fileEncoding = 4; lastKnownFileType = text; path = "StubPlay iOS.xctestplan"; sourceTree = "<group>"; };
		3FFC2597228058A600BC47E8 /* StubPlay.swift */ = {isa = PBXFileReference; lastKnownFileType = sourcecode.swift; path = StubPlay.swift; sourceTree = "<group>"; };
/* End PBXFileReference section */

/* Begin PBXFrameworksBuildPhase section */
		3F843C1C22425B6F0007BBA4 /* Frameworks */ = {
			isa = PBXFrameworksBuildPhase;
			buildActionMask = 2147483647;
			files = (
				3FFE5A70263D0B53005DAFB3 /* Swifter in Frameworks */,
			);
			runOnlyForDeploymentPostprocessing = 0;
		};
		3F843C2522425B6F0007BBA4 /* Frameworks */ = {
			isa = PBXFrameworksBuildPhase;
			buildActionMask = 2147483647;
			files = (
				3F843C2922425B6F0007BBA4 /* StubPlay.framework in Frameworks */,
			);
			runOnlyForDeploymentPostprocessing = 0;
		};
		3FAE4E3422425D3D005EF99D /* Frameworks */ = {
			isa = PBXFrameworksBuildPhase;
			buildActionMask = 2147483647;
			files = (
				3FDE77A1263D1AF900E71DBF /* Swifter in Frameworks */,
			);
			runOnlyForDeploymentPostprocessing = 0;
		};
		3FAE4E3C22425D3D005EF99D /* Frameworks */ = {
			isa = PBXFrameworksBuildPhase;
			buildActionMask = 2147483647;
			files = (
				3FAE4E4022425D3D005EF99D /* StubPlay.framework in Frameworks */,
			);
			runOnlyForDeploymentPostprocessing = 0;
		};
/* End PBXFrameworksBuildPhase section */

/* Begin PBXGroup section */
		3F101225227DAD370018D3E0 /* Helper */ = {
			isa = PBXGroup;
			children = (
				3F8C98652261F2F800717E14 /* FilenameFormatter.swift */,
				3F8C98682261F39F00717E14 /* FilesManager.swift */,
				3F75A8F1227B24F0003AA140 /* Counter.swift */,
				3F44FC832296AD4E0086A7C6 /* Logger.swift */,
			);
			name = Helper;
			sourceTree = "<group>";
		};
		3F50E61E2518CF4F0074307F /* Deployment */ = {
			isa = PBXGroup;
			children = (
				3F50E62D2518CF600074307F /* StubPlay.podspec */,
			);
			name = Deployment;
			sourceTree = "<group>";
		};
		3F843C1522425B6F0007BBA4 = {
			isa = PBXGroup;
			children = (
				3F843C2122425B6F0007BBA4 /* Source */,
				3F843C2C22425B6F0007BBA4 /* Tests */,
				3F50E61E2518CF4F0074307F /* Deployment */,
				3F843C2022425B6F0007BBA4 /* Products */,
				3F97B29422BA6D2800CB343F /* Frameworks */,
			);
			sourceTree = "<group>";
		};
		3F843C2022425B6F0007BBA4 /* Products */ = {
			isa = PBXGroup;
			children = (
				3F843C1F22425B6F0007BBA4 /* StubPlay.framework */,
				3F843C2822425B6F0007BBA4 /* StubPlayTests.xctest */,
				3FAE4E3722425D3D005EF99D /* StubPlay.framework */,
				3FAE4E3F22425D3D005EF99D /* StubPlay tvOSTests.xctest */,
			);
			name = Products;
			sourceTree = "<group>";
		};
		3F843C2122425B6F0007BBA4 /* Source */ = {
			isa = PBXGroup;
			children = (
				3FAE4E4F22425DCD005EF99D /* Core */,
				3FAE4E5022425EF8005EF99D /* Model */,
				3FBC1CDD2242714000B8F41F /* Extension */,
				3F101225227DAD370018D3E0 /* Helper */,
				3FB169B92296C9560014773C /* AVPlayer */,
				3FAE4E4E22425D97005EF99D /* Supporting Files */,
			);
			path = Source;
			sourceTree = "<group>";
		};
		3F843C2C22425B6F0007BBA4 /* Tests */ = {
			isa = PBXGroup;
			children = (
				3FF54B9226455B230026BB50 /* TestPlans */,
				3FDDD889227C68EC00F1CB37 /* StubURLProtocol */,
				3FD3DF38227B045600953856 /* FilesManager */,
				3FD3DF2F227AF99100953856 /* StubFolderCache */,
				3F843C2F22425B6F0007BBA4 /* Info.plist */,
				3F576868224CC2B100BBC26C /* FilenameFormatterTests.swift */,
				3F8C986322618EC600717E14 /* RewriteRuleMatchesTests.swift */,
				3F3180762264979E00863A32 /* RewriteRuleCreateTests.swift */,
				3F3180792264A21A00863A32 /* StubTests.swift */,
			);
			path = Tests;
			sourceTree = "<group>";
		};
		3F97B29422BA6D2800CB343F /* Frameworks */ = {
			isa = PBXGroup;
			children = (
				3F97B29722BA6D3B00CB343F /* Swifter.framework */,
				3F97B29522BA6D2800CB343F /* Swifter.framework */,
			);
			name = Frameworks;
			sourceTree = "<group>";
		};
		3FAE4E4E22425D97005EF99D /* Supporting Files */ = {
			isa = PBXGroup;
			children = (
				3F843C2322425B6F0007BBA4 /* Info.plist */,
				3F843C2222425B6F0007BBA4 /* StubPlay-Swift.h */,
			);
			name = "Supporting Files";
			sourceTree = "<group>";
		};
		3FAE4E4F22425DCD005EF99D /* Core */ = {
			isa = PBXGroup;
			children = (
				3FFC2597228058A600BC47E8 /* StubPlay.swift */,
				3FD24533241497DF00D285F5 /* StubPlay+Extension.swift */,
				3FD245362414985100D285F5 /* StubConfig.swift */,
				3FBC1CDA22426A2600B8F41F /* StubManager.swift */,
				3FF207A3227C4C58000202B0 /* StubURLProtocol.swift */,
				3F101226227DB0A60018D3E0 /* StubFileSaver.swift */,
				3F1F0E6E2275B407005FB5DD /* StubFolderCache.swift */,
			);
			name = Core;
			sourceTree = "<group>";
		};
		3FAE4E5022425EF8005EF99D /* Model */ = {
			isa = PBXGroup;
			children = (
				3FAE4E5122425F40005EF99D /* Stub.swift */,
				3F8DD542264684ED00B9A98D /* Stub+Name.swift */,
				3F8DD5452646860A00B9A98D /* StubNameTests.swift */,
			);
			name = Model;
			sourceTree = "<group>";
		};
		3FB169B92296C9560014773C /* AVPlayer */ = {
			isa = PBXGroup;
			children = (
				3FB169BB2296C97E0014773C /* AssetResourceLoader.swift */,
				3FB169BA2296C97E0014773C /* HlsPlaylist.swift */,
				3FB169BC2296C97E0014773C /* StubServer.swift */,
			);
			name = AVPlayer;
			sourceTree = "<group>";
		};
		3FBC1CDD2242714000B8F41F /* Extension */ = {
			isa = PBXGroup;
			children = (
				3FDDD88C227C6A7100F1CB37 /* URLSessionConfiguration+Extension.swift */,
				3F0E5418227D47CC008E0F6A /* URL+Extension.swift */,
				3FB169C32296D1630014773C /* String+Extension.swift */,
				3F8DD5482646970E00B9A98D /* StringExtensionsTests.swift */,
			);
			name = Extension;
			sourceTree = "<group>";
		};
		3FD3DF2F227AF99100953856 /* StubFolderCache */ = {
			isa = PBXGroup;
			children = (
				3FD3DF36227B03F300953856 /* StubFolderCacheFiles */,
				3F1F0E712275CC04005FB5DD /* StubFolderCacheTests.swift */,
				3FBDB1412289796D006CC848 /* StubFolderCacheMultilpleFolderTests.swift */,
				3FC46D6E2286917E0021E275 /* StubFolderCacheBodyDataTests.swift */,
				3F19675C2287FFEF00199246 /* StubPlayTests.swift */,
				3FD3DF30227AF9B600953856 /* StubFolderCacheLoadTests.swift */,
			);
			path = StubFolderCache;
			sourceTree = "<group>";
		};
		3FD3DF38227B045600953856 /* FilesManager */ = {
			isa = PBXGroup;
			children = (
				3FD3DF41227B048A00953856 /* FilesManagerFiles */,
				3F8C986B2261F55E00717E14 /* FilesManagerTests.swift */,
			);
			path = FilesManager;
			sourceTree = "<group>";
		};
		3FDDD889227C68EC00F1CB37 /* StubURLProtocol */ = {
			isa = PBXGroup;
			children = (
				3FDDD88E227C6DBD00F1CB37 /* StubURLProtocolFiles */,
				3FDDD88A227C68FE00F1CB37 /* StubURLProtocolTests.swift */,
			);
			path = StubURLProtocol;
			sourceTree = "<group>";
		};
		3FF54B9226455B230026BB50 /* TestPlans */ = {
			isa = PBXGroup;
			children = (
				3FF54B8F26455B180026BB50 /* StubPlay iOS.xctestplan */,
			);
			path = TestPlans;
			sourceTree = "<group>";
		};
/* End PBXGroup section */

/* Begin PBXHeadersBuildPhase section */
		3F843C1A22425B6F0007BBA4 /* Headers */ = {
			isa = PBXHeadersBuildPhase;
			buildActionMask = 2147483647;
			files = (
				3F843C3022425B6F0007BBA4 /* StubPlay-Swift.h in Headers */,
			);
			runOnlyForDeploymentPostprocessing = 0;
		};
		3FAE4E3222425D3D005EF99D /* Headers */ = {
			isa = PBXHeadersBuildPhase;
			buildActionMask = 2147483647;
			files = (
			);
			runOnlyForDeploymentPostprocessing = 0;
		};
/* End PBXHeadersBuildPhase section */

/* Begin PBXNativeTarget section */
		3F843C1E22425B6F0007BBA4 /* StubPlay iOS */ = {
			isa = PBXNativeTarget;
			buildConfigurationList = 3F843C3322425B6F0007BBA4 /* Build configuration list for PBXNativeTarget "StubPlay iOS" */;
			buildPhases = (
				3F843C1A22425B6F0007BBA4 /* Headers */,
				3F843C1B22425B6F0007BBA4 /* Sources */,
				3F843C1C22425B6F0007BBA4 /* Frameworks */,
				3F843C1D22425B6F0007BBA4 /* Resources */,
			);
			buildRules = (
			);
			dependencies = (
			);
			name = "StubPlay iOS";
			packageProductDependencies = (
				3FFE5A6F263D0B53005DAFB3 /* Swifter */,
			);
			productName = StubPlay;
			productReference = 3F843C1F22425B6F0007BBA4 /* StubPlay.framework */;
			productType = "com.apple.product-type.framework";
		};
		3F843C2722425B6F0007BBA4 /* StubPlayTests */ = {
			isa = PBXNativeTarget;
			buildConfigurationList = 3F843C3622425B6F0007BBA4 /* Build configuration list for PBXNativeTarget "StubPlayTests" */;
			buildPhases = (
				3F843C2422425B6F0007BBA4 /* Sources */,
				3F843C2522425B6F0007BBA4 /* Frameworks */,
				3F843C2622425B6F0007BBA4 /* Resources */,
			);
			buildRules = (
			);
			dependencies = (
				3F843C2B22425B6F0007BBA4 /* PBXTargetDependency */,
			);
			name = StubPlayTests;
			productName = StubPlayTests;
			productReference = 3F843C2822425B6F0007BBA4 /* StubPlayTests.xctest */;
			productType = "com.apple.product-type.bundle.unit-test";
		};
		3FAE4E3622425D3D005EF99D /* StubPlay tvOS */ = {
			isa = PBXNativeTarget;
			buildConfigurationList = 3FAE4E4822425D3D005EF99D /* Build configuration list for PBXNativeTarget "StubPlay tvOS" */;
			buildPhases = (
				3FAE4E3222425D3D005EF99D /* Headers */,
				3FAE4E3322425D3D005EF99D /* Sources */,
				3FAE4E3422425D3D005EF99D /* Frameworks */,
				3FAE4E3522425D3D005EF99D /* Resources */,
			);
			buildRules = (
			);
			dependencies = (
			);
			name = "StubPlay tvOS";
			packageProductDependencies = (
				3FDE77A0263D1AF900E71DBF /* Swifter */,
			);
			productName = "StubPlay tvOS";
			productReference = 3FAE4E3722425D3D005EF99D /* StubPlay.framework */;
			productType = "com.apple.product-type.framework";
		};
		3FAE4E3E22425D3D005EF99D /* StubPlay tvOSTests */ = {
			isa = PBXNativeTarget;
			buildConfigurationList = 3FAE4E4B22425D3D005EF99D /* Build configuration list for PBXNativeTarget "StubPlay tvOSTests" */;
			buildPhases = (
				3FAE4E3B22425D3D005EF99D /* Sources */,
				3FAE4E3C22425D3D005EF99D /* Frameworks */,
				3FAE4E3D22425D3D005EF99D /* Resources */,
			);
			buildRules = (
			);
			dependencies = (
				3FAE4E4222425D3D005EF99D /* PBXTargetDependency */,
			);
			name = "StubPlay tvOSTests";
			productName = "StubPlay tvOSTests";
			productReference = 3FAE4E3F22425D3D005EF99D /* StubPlay tvOSTests.xctest */;
			productType = "com.apple.product-type.bundle.unit-test";
		};
/* End PBXNativeTarget section */

/* Begin PBXProject section */
		3F843C1622425B6F0007BBA4 /* Project object */ = {
			isa = PBXProject;
			attributes = {
				LastSwiftUpdateCheck = 1010;
				LastUpgradeCheck = 1200;
				ORGANIZATIONNAME = "Mokten Pty Ltd";
				TargetAttributes = {
					3F843C1E22425B6F0007BBA4 = {
						CreatedOnToolsVersion = 10.1;
						LastSwiftMigration = 1020;
					};
					3F843C2722425B6F0007BBA4 = {
						CreatedOnToolsVersion = 10.1;
						LastSwiftMigration = 1020;
					};
					3FAE4E3622425D3D005EF99D = {
						CreatedOnToolsVersion = 10.1;
						LastSwiftMigration = 1010;
					};
					3FAE4E3E22425D3D005EF99D = {
						CreatedOnToolsVersion = 10.1;
					};
				};
			};
			buildConfigurationList = 3F843C1922425B6F0007BBA4 /* Build configuration list for PBXProject "StubPlay" */;
			compatibilityVersion = "Xcode 11.0";
			developmentRegion = en;
			hasScannedForEncodings = 0;
			knownRegions = (
				en,
				Base,
			);
			mainGroup = 3F843C1522425B6F0007BBA4;
			packageReferences = (
				3FFE5A6E263D0B53005DAFB3 /* XCRemoteSwiftPackageReference "swifter" */,
			);
			productRefGroup = 3F843C2022425B6F0007BBA4 /* Products */;
			projectDirPath = "";
			projectRoot = "";
			targets = (
				3F843C1E22425B6F0007BBA4 /* StubPlay iOS */,
				3F843C2722425B6F0007BBA4 /* StubPlayTests */,
				3FAE4E3622425D3D005EF99D /* StubPlay tvOS */,
				3FAE4E3E22425D3D005EF99D /* StubPlay tvOSTests */,
			);
		};
/* End PBXProject section */

/* Begin PBXResourcesBuildPhase section */
		3F843C1D22425B6F0007BBA4 /* Resources */ = {
			isa = PBXResourcesBuildPhase;
			buildActionMask = 2147483647;
			files = (
			);
			runOnlyForDeploymentPostprocessing = 0;
		};
		3F843C2622425B6F0007BBA4 /* Resources */ = {
			isa = PBXResourcesBuildPhase;
			buildActionMask = 2147483647;
			files = (
				3FDDD88F227C6DBD00F1CB37 /* StubURLProtocolFiles in Resources */,
				3FD3DF42227B048A00953856 /* FilesManagerFiles in Resources */,
				3FF54B9026455B180026BB50 /* StubPlay iOS.xctestplan in Resources */,
				3FD3DF37227B03F400953856 /* StubFolderCacheFiles in Resources */,
			);
			runOnlyForDeploymentPostprocessing = 0;
		};
		3FAE4E3522425D3D005EF99D /* Resources */ = {
			isa = PBXResourcesBuildPhase;
			buildActionMask = 2147483647;
			files = (
			);
			runOnlyForDeploymentPostprocessing = 0;
		};
		3FAE4E3D22425D3D005EF99D /* Resources */ = {
			isa = PBXResourcesBuildPhase;
			buildActionMask = 2147483647;
			files = (
				3F943A092289929F00655968 /* FilesManagerFiles in Resources */,
				3F943A0C228992E000655968 /* StubFolderCacheFiles in Resources */,
				3FF54B9126455B180026BB50 /* StubPlay iOS.xctestplan in Resources */,
				3FDDD890227C6DBD00F1CB37 /* StubURLProtocolFiles in Resources */,
			);
			runOnlyForDeploymentPostprocessing = 0;
		};
/* End PBXResourcesBuildPhase section */

/* Begin PBXSourcesBuildPhase section */
		3F843C1B22425B6F0007BBA4 /* Sources */ = {
			isa = PBXSourcesBuildPhase;
			buildActionMask = 2147483647;
			files = (
				3FFC2598228058A600BC47E8 /* StubPlay.swift in Sources */,
				3FB169BF2296C97E0014773C /* AssetResourceLoader.swift in Sources */,
				3F0E5419227D47CC008E0F6A /* URL+Extension.swift in Sources */,
				3FB169C12296C97E0014773C /* StubServer.swift in Sources */,
				3FB169C42296D1630014773C /* String+Extension.swift in Sources */,
				3FD24534241497DF00D285F5 /* StubPlay+Extension.swift in Sources */,
				3F75A8F2227B24F0003AA140 /* Counter.swift in Sources */,
				3FF207A4227C4C58000202B0 /* StubURLProtocol.swift in Sources */,
				3F8C98662261F2F800717E14 /* FilenameFormatter.swift in Sources */,
				3F8C98692261F39F00717E14 /* FilesManager.swift in Sources */,
				3FDDD88D227C6A7100F1CB37 /* URLSessionConfiguration+Extension.swift in Sources */,
				3F8DD543264684ED00B9A98D /* Stub+Name.swift in Sources */,
				3FD245372414985100D285F5 /* StubConfig.swift in Sources */,
				3F44FC842296AD4E0086A7C6 /* Logger.swift in Sources */,
				3F1F0E6F2275B407005FB5DD /* StubFolderCache.swift in Sources */,
				3FBC1CDB22426A2600B8F41F /* StubManager.swift in Sources */,
				3FB169BD2296C97E0014773C /* HlsPlaylist.swift in Sources */,
				3FAE4E5222425F40005EF99D /* Stub.swift in Sources */,
				3F101227227DB0A60018D3E0 /* StubFileSaver.swift in Sources */,
			);
			runOnlyForDeploymentPostprocessing = 0;
		};
		3F843C2422425B6F0007BBA4 /* Sources */ = {
			isa = PBXSourcesBuildPhase;
			buildActionMask = 2147483647;
			files = (
				3F31807A2264A21A00863A32 /* StubTests.swift in Sources */,
				3F3180772264979E00863A32 /* RewriteRuleCreateTests.swift in Sources */,
				3FBDB1422289796D006CC848 /* StubFolderCacheMultilpleFolderTests.swift in Sources */,
				3F8C986422618EC600717E14 /* RewriteRuleMatchesTests.swift in Sources */,
				3F8DD5462646860A00B9A98D /* StubNameTests.swift in Sources */,
				3F19675D2287FFEF00199246 /* StubPlayTests.swift in Sources */,
				3FDDD88B227C68FE00F1CB37 /* StubURLProtocolTests.swift in Sources */,
				3F8DD5492646970E00B9A98D /* StringExtensionsTests.swift in Sources */,
				3FC46D6F2286917E0021E275 /* StubFolderCacheBodyDataTests.swift in Sources */,
				3F1F0E722275CC04005FB5DD /* StubFolderCacheTests.swift in Sources */,
				3F8C986C2261F55E00717E14 /* FilesManagerTests.swift in Sources */,
				3F576869224CC2B100BBC26C /* FilenameFormatterTests.swift in Sources */,
				3FD3DF31227AF9B600953856 /* StubFolderCacheLoadTests.swift in Sources */,
			);
			runOnlyForDeploymentPostprocessing = 0;
		};
		3FAE4E3322425D3D005EF99D /* Sources */ = {
			isa = PBXSourcesBuildPhase;
			buildActionMask = 2147483647;
			files = (
				3FFF8A632287010A008D179A /* URL+Extension.swift in Sources */,
				3FB169C02296C97E0014773C /* AssetResourceLoader.swift in Sources */,
				3F75A8F3227B24F0003AA140 /* Counter.swift in Sources */,
				3FB169C22296C97E0014773C /* StubServer.swift in Sources */,
				3FB169C52296D1630014773C /* String+Extension.swift in Sources */,
				3FD24535241497DF00D285F5 /* StubPlay+Extension.swift in Sources */,
				3FF207A5227C4C59000202B0 /* StubURLProtocol.swift in Sources */,
				3FFC2599228058A600BC47E8 /* StubPlay.swift in Sources */,
				3F8C98672261F2F800717E14 /* FilenameFormatter.swift in Sources */,
				3F8C986A2261F39F00717E14 /* FilesManager.swift in Sources */,
				3F943A0B228992CF00655968 /* URLSessionConfiguration+Extension.swift in Sources */,
				3F8DD544264684ED00B9A98D /* Stub+Name.swift in Sources */,
				3FD245382414985100D285F5 /* StubConfig.swift in Sources */,
				3F44FC852296AD4E0086A7C6 /* Logger.swift in Sources */,
				3F1F0E702275B407005FB5DD /* StubFolderCache.swift in Sources */,
				3FBC1CDC22426A2600B8F41F /* StubManager.swift in Sources */,
				3FB169BE2296C97E0014773C /* HlsPlaylist.swift in Sources */,
				3FAE4E5322425F40005EF99D /* Stub.swift in Sources */,
				3F101228227DB0A60018D3E0 /* StubFileSaver.swift in Sources */,
			);
			runOnlyForDeploymentPostprocessing = 0;
		};
		3FAE4E3B22425D3D005EF99D /* Sources */ = {
			isa = PBXSourcesBuildPhase;
			buildActionMask = 2147483647;
			files = (
				3F943A132289930400655968 /* RewriteRuleCreateTests.swift in Sources */,
				3F943A10228992E600655968 /* StubPlayTests.swift in Sources */,
				3F943A072289921E00655968 /* FilenameFormatterTests.swift in Sources */,
				3F943A11228992E600655968 /* StubFolderCacheLoadTests.swift in Sources */,
				3F8DD5472646860A00B9A98D /* StubNameTests.swift in Sources */,
				3F943A0A228992A300655968 /* FilesManagerTests.swift in Sources */,
				3F943A0E228992E600655968 /* StubFolderCacheMultilpleFolderTests.swift in Sources */,
				3F8DD54A2646970E00B9A98D /* StringExtensionsTests.swift in Sources */,
				3F943A12228992FE00655968 /* RewriteRuleMatchesTests.swift in Sources */,
				3F943A0D228992E300655968 /* StubFolderCacheTests.swift in Sources */,
				3F943A0F228992E600655968 /* StubFolderCacheBodyDataTests.swift in Sources */,
				3F943A142289930B00655968 /* StubTests.swift in Sources */,
				3F943A082289929900655968 /* StubURLProtocolTests.swift in Sources */,
			);
			runOnlyForDeploymentPostprocessing = 0;
		};
/* End PBXSourcesBuildPhase section */

/* Begin PBXTargetDependency section */
		3F843C2B22425B6F0007BBA4 /* PBXTargetDependency */ = {
			isa = PBXTargetDependency;
			target = 3F843C1E22425B6F0007BBA4 /* StubPlay iOS */;
			targetProxy = 3F843C2A22425B6F0007BBA4 /* PBXContainerItemProxy */;
		};
		3FAE4E4222425D3D005EF99D /* PBXTargetDependency */ = {
			isa = PBXTargetDependency;
			target = 3FAE4E3622425D3D005EF99D /* StubPlay tvOS */;
			targetProxy = 3FAE4E4122425D3D005EF99D /* PBXContainerItemProxy */;
		};
/* End PBXTargetDependency section */

/* Begin XCBuildConfiguration section */
		3F843C3122425B6F0007BBA4 /* Debug */ = {
			isa = XCBuildConfiguration;
			buildSettings = {
				ALWAYS_SEARCH_USER_PATHS = NO;
				CLANG_ANALYZER_NONNULL = YES;
				CLANG_ANALYZER_NUMBER_OBJECT_CONVERSION = YES_AGGRESSIVE;
				CLANG_CXX_LANGUAGE_STANDARD = "gnu++14";
				CLANG_CXX_LIBRARY = "libc++";
				CLANG_ENABLE_MODULES = YES;
				CLANG_ENABLE_OBJC_ARC = YES;
				CLANG_ENABLE_OBJC_WEAK = YES;
				CLANG_WARN_BLOCK_CAPTURE_AUTORELEASING = YES;
				CLANG_WARN_BOOL_CONVERSION = YES;
				CLANG_WARN_COMMA = YES;
				CLANG_WARN_CONSTANT_CONVERSION = YES;
				CLANG_WARN_DEPRECATED_OBJC_IMPLEMENTATIONS = YES;
				CLANG_WARN_DIRECT_OBJC_ISA_USAGE = YES_ERROR;
				CLANG_WARN_DOCUMENTATION_COMMENTS = YES;
				CLANG_WARN_EMPTY_BODY = YES;
				CLANG_WARN_ENUM_CONVERSION = YES;
				CLANG_WARN_INFINITE_RECURSION = YES;
				CLANG_WARN_INT_CONVERSION = YES;
				CLANG_WARN_NON_LITERAL_NULL_CONVERSION = YES;
				CLANG_WARN_OBJC_IMPLICIT_RETAIN_SELF = YES;
				CLANG_WARN_OBJC_LITERAL_CONVERSION = YES;
				CLANG_WARN_OBJC_ROOT_CLASS = YES_ERROR;
				CLANG_WARN_QUOTED_INCLUDE_IN_FRAMEWORK_HEADER = YES;
				CLANG_WARN_RANGE_LOOP_ANALYSIS = YES;
				CLANG_WARN_STRICT_PROTOTYPES = YES;
				CLANG_WARN_SUSPICIOUS_MOVE = YES;
				CLANG_WARN_UNGUARDED_AVAILABILITY = YES_AGGRESSIVE;
				CLANG_WARN_UNREACHABLE_CODE = YES;
				CLANG_WARN__DUPLICATE_METHOD_MATCH = YES;
				CODE_SIGN_IDENTITY = "iPhone Developer";
				COPY_PHASE_STRIP = NO;
				CURRENT_PROJECT_VERSION = 1;
				DEBUG_INFORMATION_FORMAT = dwarf;
				ENABLE_STRICT_OBJC_MSGSEND = YES;
				ENABLE_TESTABILITY = YES;
				GCC_C_LANGUAGE_STANDARD = gnu11;
				GCC_DYNAMIC_NO_PIC = NO;
				GCC_NO_COMMON_BLOCKS = YES;
				GCC_OPTIMIZATION_LEVEL = 0;
				GCC_PREPROCESSOR_DEFINITIONS = (
					"DEBUG=1",
					"$(inherited)",
				);
				GCC_WARN_64_TO_32_BIT_CONVERSION = YES;
				GCC_WARN_ABOUT_RETURN_TYPE = YES_ERROR;
				GCC_WARN_UNDECLARED_SELECTOR = YES;
				GCC_WARN_UNINITIALIZED_AUTOS = YES_AGGRESSIVE;
				GCC_WARN_UNUSED_FUNCTION = YES;
				GCC_WARN_UNUSED_VARIABLE = YES;
				IPHONEOS_DEPLOYMENT_TARGET = 10.0;
				MTL_ENABLE_DEBUG_INFO = INCLUDE_SOURCE;
				MTL_FAST_MATH = YES;
				ONLY_ACTIVE_ARCH = YES;
				SDKROOT = iphoneos;
				SWIFT_ACTIVE_COMPILATION_CONDITIONS = DEBUG;
				SWIFT_OPTIMIZATION_LEVEL = "-Onone";
				SWIFT_VERSION = 5.0;
				TVOS_DEPLOYMENT_TARGET = 11.0;
				VERSIONING_SYSTEM = "apple-generic";
				VERSION_INFO_PREFIX = "";
			};
			name = Debug;
		};
		3F843C3222425B6F0007BBA4 /* Release */ = {
			isa = XCBuildConfiguration;
			buildSettings = {
				ALWAYS_SEARCH_USER_PATHS = NO;
				CLANG_ANALYZER_NONNULL = YES;
				CLANG_ANALYZER_NUMBER_OBJECT_CONVERSION = YES_AGGRESSIVE;
				CLANG_CXX_LANGUAGE_STANDARD = "gnu++14";
				CLANG_CXX_LIBRARY = "libc++";
				CLANG_ENABLE_MODULES = YES;
				CLANG_ENABLE_OBJC_ARC = YES;
				CLANG_ENABLE_OBJC_WEAK = YES;
				CLANG_WARN_BLOCK_CAPTURE_AUTORELEASING = YES;
				CLANG_WARN_BOOL_CONVERSION = YES;
				CLANG_WARN_COMMA = YES;
				CLANG_WARN_CONSTANT_CONVERSION = YES;
				CLANG_WARN_DEPRECATED_OBJC_IMPLEMENTATIONS = YES;
				CLANG_WARN_DIRECT_OBJC_ISA_USAGE = YES_ERROR;
				CLANG_WARN_DOCUMENTATION_COMMENTS = YES;
				CLANG_WARN_EMPTY_BODY = YES;
				CLANG_WARN_ENUM_CONVERSION = YES;
				CLANG_WARN_INFINITE_RECURSION = YES;
				CLANG_WARN_INT_CONVERSION = YES;
				CLANG_WARN_NON_LITERAL_NULL_CONVERSION = YES;
				CLANG_WARN_OBJC_IMPLICIT_RETAIN_SELF = YES;
				CLANG_WARN_OBJC_LITERAL_CONVERSION = YES;
				CLANG_WARN_OBJC_ROOT_CLASS = YES_ERROR;
				CLANG_WARN_QUOTED_INCLUDE_IN_FRAMEWORK_HEADER = YES;
				CLANG_WARN_RANGE_LOOP_ANALYSIS = YES;
				CLANG_WARN_STRICT_PROTOTYPES = YES;
				CLANG_WARN_SUSPICIOUS_MOVE = YES;
				CLANG_WARN_UNGUARDED_AVAILABILITY = YES_AGGRESSIVE;
				CLANG_WARN_UNREACHABLE_CODE = YES;
				CLANG_WARN__DUPLICATE_METHOD_MATCH = YES;
				CODE_SIGN_IDENTITY = "iPhone Developer";
				COPY_PHASE_STRIP = NO;
				CURRENT_PROJECT_VERSION = 1;
				DEBUG_INFORMATION_FORMAT = "dwarf-with-dsym";
				ENABLE_NS_ASSERTIONS = NO;
				ENABLE_STRICT_OBJC_MSGSEND = YES;
				GCC_C_LANGUAGE_STANDARD = gnu11;
				GCC_NO_COMMON_BLOCKS = YES;
				GCC_WARN_64_TO_32_BIT_CONVERSION = YES;
				GCC_WARN_ABOUT_RETURN_TYPE = YES_ERROR;
				GCC_WARN_UNDECLARED_SELECTOR = YES;
				GCC_WARN_UNINITIALIZED_AUTOS = YES_AGGRESSIVE;
				GCC_WARN_UNUSED_FUNCTION = YES;
				GCC_WARN_UNUSED_VARIABLE = YES;
				IPHONEOS_DEPLOYMENT_TARGET = 10.0;
				MTL_ENABLE_DEBUG_INFO = NO;
				MTL_FAST_MATH = YES;
				SDKROOT = iphoneos;
				SWIFT_COMPILATION_MODE = wholemodule;
				SWIFT_OPTIMIZATION_LEVEL = "-O";
				SWIFT_VERSION = 5.0;
				TVOS_DEPLOYMENT_TARGET = 11.0;
				VALIDATE_PRODUCT = YES;
				VERSIONING_SYSTEM = "apple-generic";
				VERSION_INFO_PREFIX = "";
			};
			name = Release;
		};
		3F843C3422425B6F0007BBA4 /* Debug */ = {
			isa = XCBuildConfiguration;
			buildSettings = {
				CLANG_ENABLE_MODULES = YES;
				CODE_SIGN_IDENTITY = "";
				CODE_SIGN_STYLE = Automatic;
				DEFINES_MODULE = YES;
				DEVELOPMENT_TEAM = 862DX7386G;
				DYLIB_COMPATIBILITY_VERSION = 1;
				DYLIB_CURRENT_VERSION = 1;
				DYLIB_INSTALL_NAME_BASE = "@rpath";
				INFOPLIST_FILE = Source/Info.plist;
				INSTALL_PATH = "$(LOCAL_LIBRARY_DIR)/Frameworks";
				LD_RUNPATH_SEARCH_PATHS = (
					"$(inherited)",
					"@executable_path/Frameworks",
					"@loader_path/Frameworks",
				);
				MARKETING_VERSION = 0.2.0;
				PRODUCT_BUNDLE_IDENTIFIER = com.mokten.StubPlay;
				PRODUCT_MODULE_NAME = StubPlay;
				PRODUCT_NAME = StubPlay;
				SKIP_INSTALL = YES;
				SWIFT_OBJC_INTERFACE_HEADER_NAME = "";
				SWIFT_OPTIMIZATION_LEVEL = "-Onone";
				SWIFT_VERSION = 5.0;
				TARGETED_DEVICE_FAMILY = "1,2";
			};
			name = Debug;
		};
		3F843C3522425B6F0007BBA4 /* Release */ = {
			isa = XCBuildConfiguration;
			buildSettings = {
				CLANG_ENABLE_MODULES = YES;
				CODE_SIGN_IDENTITY = "";
				CODE_SIGN_STYLE = Automatic;
				DEFINES_MODULE = YES;
				DEVELOPMENT_TEAM = 862DX7386G;
				DYLIB_COMPATIBILITY_VERSION = 1;
				DYLIB_CURRENT_VERSION = 1;
				DYLIB_INSTALL_NAME_BASE = "@rpath";
				INFOPLIST_FILE = Source/Info.plist;
				INSTALL_PATH = "$(LOCAL_LIBRARY_DIR)/Frameworks";
				LD_RUNPATH_SEARCH_PATHS = (
					"$(inherited)",
					"@executable_path/Frameworks",
					"@loader_path/Frameworks",
				);
				MARKETING_VERSION = 0.2.0;
				PRODUCT_BUNDLE_IDENTIFIER = com.mokten.StubPlay;
				PRODUCT_MODULE_NAME = StubPlay;
				PRODUCT_NAME = StubPlay;
				SKIP_INSTALL = YES;
				SWIFT_OBJC_INTERFACE_HEADER_NAME = "";
				SWIFT_VERSION = 5.0;
				TARGETED_DEVICE_FAMILY = "1,2";
			};
			name = Release;
		};
		3F843C3722425B6F0007BBA4 /* Debug */ = {
			isa = XCBuildConfiguration;
			buildSettings = {
				CODE_SIGN_STYLE = Automatic;
				DEVELOPMENT_TEAM = 862DX7386G;
				INFOPLIST_FILE = Tests/Info.plist;
				LD_RUNPATH_SEARCH_PATHS = (
					"$(inherited)",
					"@executable_path/Frameworks",
					"@loader_path/Frameworks",
				);
				PRODUCT_BUNDLE_IDENTIFIER = com.mokten.StubPlayTests;
				PRODUCT_NAME = "$(TARGET_NAME)";
				SWIFT_VERSION = 5.0;
				TARGETED_DEVICE_FAMILY = "1,2";
			};
			name = Debug;
		};
		3F843C3822425B6F0007BBA4 /* Release */ = {
			isa = XCBuildConfiguration;
			buildSettings = {
				CODE_SIGN_STYLE = Automatic;
				DEVELOPMENT_TEAM = 862DX7386G;
				INFOPLIST_FILE = Tests/Info.plist;
				LD_RUNPATH_SEARCH_PATHS = (
					"$(inherited)",
					"@executable_path/Frameworks",
					"@loader_path/Frameworks",
				);
				PRODUCT_BUNDLE_IDENTIFIER = com.mokten.StubPlayTests;
				PRODUCT_NAME = "$(TARGET_NAME)";
				SWIFT_VERSION = 5.0;
				TARGETED_DEVICE_FAMILY = "1,2";
			};
			name = Release;
		};
		3FAE4E4922425D3D005EF99D /* Debug */ = {
			isa = XCBuildConfiguration;
			buildSettings = {
				CLANG_ENABLE_MODULES = YES;
				CODE_SIGN_IDENTITY = "";
				CODE_SIGN_STYLE = Automatic;
				DEFINES_MODULE = YES;
				DEVELOPMENT_TEAM = 862DX7386G;
				DYLIB_COMPATIBILITY_VERSION = 1;
				DYLIB_CURRENT_VERSION = 1;
				DYLIB_INSTALL_NAME_BASE = "@rpath";
				INFOPLIST_FILE = Source/Info.plist;
				INSTALL_PATH = "$(LOCAL_LIBRARY_DIR)/Frameworks";
				LD_RUNPATH_SEARCH_PATHS = (
					"$(inherited)",
					"@executable_path/Frameworks",
					"@loader_path/Frameworks",
				);
				MARKETING_VERSION = 0.2.0;
				PRODUCT_BUNDLE_IDENTIFIER = "com.mokten.StubPlay-tvOS";
				PRODUCT_MODULE_NAME = StubPlay;
				PRODUCT_NAME = StubPlay;
				SDKROOT = appletvos;
				SKIP_INSTALL = YES;
				SWIFT_OBJC_INTERFACE_HEADER_NAME = "";
				SWIFT_OPTIMIZATION_LEVEL = "-Onone";
				SWIFT_VERSION = 5.0;
				TARGETED_DEVICE_FAMILY = 3;
			};
			name = Debug;
		};
		3FAE4E4A22425D3D005EF99D /* Release */ = {
			isa = XCBuildConfiguration;
			buildSettings = {
				CLANG_ENABLE_MODULES = YES;
				CODE_SIGN_IDENTITY = "";
				CODE_SIGN_STYLE = Automatic;
				DEFINES_MODULE = YES;
				DEVELOPMENT_TEAM = 862DX7386G;
				DYLIB_COMPATIBILITY_VERSION = 1;
				DYLIB_CURRENT_VERSION = 1;
				DYLIB_INSTALL_NAME_BASE = "@rpath";
				INFOPLIST_FILE = Source/Info.plist;
				INSTALL_PATH = "$(LOCAL_LIBRARY_DIR)/Frameworks";
				LD_RUNPATH_SEARCH_PATHS = (
					"$(inherited)",
					"@executable_path/Frameworks",
					"@loader_path/Frameworks",
				);
				MARKETING_VERSION = 0.2.0;
				PRODUCT_BUNDLE_IDENTIFIER = "com.mokten.StubPlay-tvOS";
				PRODUCT_MODULE_NAME = StubPlay;
				PRODUCT_NAME = StubPlay;
				SDKROOT = appletvos;
				SKIP_INSTALL = YES;
				SWIFT_OBJC_INTERFACE_HEADER_NAME = "";
				SWIFT_VERSION = 5.0;
				TARGETED_DEVICE_FAMILY = 3;
			};
			name = Release;
		};
		3FAE4E4C22425D3D005EF99D /* Debug */ = {
			isa = XCBuildConfiguration;
			buildSettings = {
				CODE_SIGN_STYLE = Automatic;
				DEVELOPMENT_TEAM = 862DX7386G;
				INFOPLIST_FILE = Tests/Info.plist;
				LD_RUNPATH_SEARCH_PATHS = (
					"$(inherited)",
					"@executable_path/Frameworks",
					"@loader_path/Frameworks",
				);
				PRODUCT_BUNDLE_IDENTIFIER = "com.mokten.StubPlay-tvOSTests";
				PRODUCT_NAME = "$(TARGET_NAME)";
				SDKROOT = appletvos;
				SWIFT_VERSION = 5.0;
				TARGETED_DEVICE_FAMILY = 3;
			};
			name = Debug;
		};
		3FAE4E4D22425D3D005EF99D /* Release */ = {
			isa = XCBuildConfiguration;
			buildSettings = {
				CODE_SIGN_STYLE = Automatic;
				DEVELOPMENT_TEAM = 862DX7386G;
				INFOPLIST_FILE = Tests/Info.plist;
				LD_RUNPATH_SEARCH_PATHS = (
					"$(inherited)",
					"@executable_path/Frameworks",
					"@loader_path/Frameworks",
				);
				PRODUCT_BUNDLE_IDENTIFIER = "com.mokten.StubPlay-tvOSTests";
				PRODUCT_NAME = "$(TARGET_NAME)";
				SDKROOT = appletvos;
				SWIFT_VERSION = 5.0;
				TARGETED_DEVICE_FAMILY = 3;
			};
			name = Release;
		};
/* End XCBuildConfiguration section */

/* Begin XCConfigurationList section */
		3F843C1922425B6F0007BBA4 /* Build configuration list for PBXProject "StubPlay" */ = {
			isa = XCConfigurationList;
			buildConfigurations = (
				3F843C3122425B6F0007BBA4 /* Debug */,
				3F843C3222425B6F0007BBA4 /* Release */,
			);
			defaultConfigurationIsVisible = 0;
			defaultConfigurationName = Release;
		};
		3F843C3322425B6F0007BBA4 /* Build configuration list for PBXNativeTarget "StubPlay iOS" */ = {
			isa = XCConfigurationList;
			buildConfigurations = (
				3F843C3422425B6F0007BBA4 /* Debug */,
				3F843C3522425B6F0007BBA4 /* Release */,
			);
			defaultConfigurationIsVisible = 0;
			defaultConfigurationName = Release;
		};
		3F843C3622425B6F0007BBA4 /* Build configuration list for PBXNativeTarget "StubPlayTests" */ = {
			isa = XCConfigurationList;
			buildConfigurations = (
				3F843C3722425B6F0007BBA4 /* Debug */,
				3F843C3822425B6F0007BBA4 /* Release */,
			);
			defaultConfigurationIsVisible = 0;
			defaultConfigurationName = Release;
		};
		3FAE4E4822425D3D005EF99D /* Build configuration list for PBXNativeTarget "StubPlay tvOS" */ = {
			isa = XCConfigurationList;
			buildConfigurations = (
				3FAE4E4922425D3D005EF99D /* Debug */,
				3FAE4E4A22425D3D005EF99D /* Release */,
			);
			defaultConfigurationIsVisible = 0;
			defaultConfigurationName = Release;
		};
		3FAE4E4B22425D3D005EF99D /* Build configuration list for PBXNativeTarget "StubPlay tvOSTests" */ = {
			isa = XCConfigurationList;
			buildConfigurations = (
				3FAE4E4C22425D3D005EF99D /* Debug */,
				3FAE4E4D22425D3D005EF99D /* Release */,
			);
			defaultConfigurationIsVisible = 0;
			defaultConfigurationName = Release;
		};
/* End XCConfigurationList section */

/* Begin XCRemoteSwiftPackageReference section */
		3FFE5A6E263D0B53005DAFB3 /* XCRemoteSwiftPackageReference "swifter" */ = {
			isa = XCRemoteSwiftPackageReference;
			repositoryURL = "https://github.com/httpswift/swifter.git";
			requirement = {
				kind = upToNextMajorVersion;
				minimumVersion = 1.5.0;
			};
		};
/* End XCRemoteSwiftPackageReference section */

/* Begin XCSwiftPackageProductDependency section */
		3FDE77A0263D1AF900E71DBF /* Swifter */ = {
			isa = XCSwiftPackageProductDependency;
			package = 3FFE5A6E263D0B53005DAFB3 /* XCRemoteSwiftPackageReference "swifter" */;
			productName = Swifter;
		};
		3FFE5A6F263D0B53005DAFB3 /* Swifter */ = {
			isa = XCSwiftPackageProductDependency;
			package = 3FFE5A6E263D0B53005DAFB3 /* XCRemoteSwiftPackageReference "swifter" */;
			productName = Swifter;
		};
/* End XCSwiftPackageProductDependency section */
	};
	rootObject = 3F843C1622425B6F0007BBA4 /* Project object */;
}
