// !$*UTF8*$!
{
	archiveVersion = 1;
	classes = {
	};
	objectVersion = 50;
	objects = {

/* Begin PBXBuildFile section */
		3F5FAF832268878F008BF163 /* StubPlay.framework in Frameworks */ = {isa = PBXBuildFile; fileRef = 3F5FAF792268878F008BF163 /* StubPlay.framework */; };
		3F5FAF882268878F008BF163 /* StubPlayTests.swift in Sources */ = {isa = PBXBuildFile; fileRef = 3F5FAF872268878F008BF163 /* StubPlayTests.swift */; };
		3F5FAF8A2268878F008BF163 /* StubPlay.h in Headers */ = {isa = PBXBuildFile; fileRef = 3F5FAF7C2268878F008BF163 /* StubPlay.h */; settings = {ATTRIBUTES = (Public, ); }; };
		3FE1BFFC226888E0009E7D5D /* StubPlayTV.framework in Frameworks */ = {isa = PBXBuildFile; fileRef = 3FE1BFDB22688831009E7D5D /* StubPlayTV.framework */; };
		3FE1C00322688CB3009E7D5D /* StubPlay.swift in Sources */ = {isa = PBXBuildFile; fileRef = 3FE1C00222688CB3009E7D5D /* StubPlay.swift */; };
		3FE1C00422688CB3009E7D5D /* StubPlay.swift in Sources */ = {isa = PBXBuildFile; fileRef = 3FE1C00222688CB3009E7D5D /* StubPlay.swift */; };
/* End PBXBuildFile section */

/* Begin PBXContainerItemProxy section */
		3F5FAF842268878F008BF163 /* PBXContainerItemProxy */ = {
			isa = PBXContainerItemProxy;
			containerPortal = 3F5FAF702268878F008BF163 /* Project object */;
			proxyType = 1;
			remoteGlobalIDString = 3F5FAF782268878F008BF163;
			remoteInfo = StubPlay;
		};
		3FE1BFFD226888E0009E7D5D /* PBXContainerItemProxy */ = {
			isa = PBXContainerItemProxy;
			containerPortal = 3F5FAF702268878F008BF163 /* Project object */;
			proxyType = 1;
			remoteGlobalIDString = 3FE1BFDA22688831009E7D5D;
			remoteInfo = StubPlayTV;
		};
/* End PBXContainerItemProxy section */

/* Begin PBXFileReference section */
		3F5FAF792268878F008BF163 /* StubPlay.framework */ = {isa = PBXFileReference; explicitFileType = wrapper.framework; includeInIndex = 0; path = StubPlay.framework; sourceTree = BUILT_PRODUCTS_DIR; };
		3F5FAF7C2268878F008BF163 /* StubPlay.h */ = {isa = PBXFileReference; lastKnownFileType = sourcecode.c.h; path = StubPlay.h; sourceTree = "<group>"; };
		3F5FAF7D2268878F008BF163 /* Info.plist */ = {isa = PBXFileReference; lastKnownFileType = text.plist.xml; path = Info.plist; sourceTree = "<group>"; };
		3F5FAF822268878F008BF163 /* StubPlayTests.xctest */ = {isa = PBXFileReference; explicitFileType = wrapper.cfbundle; includeInIndex = 0; path = StubPlayTests.xctest; sourceTree = BUILT_PRODUCTS_DIR; };
		3F5FAF872268878F008BF163 /* StubPlayTests.swift */ = {isa = PBXFileReference; lastKnownFileType = sourcecode.swift; path = StubPlayTests.swift; sourceTree = "<group>"; };
		3F5FAF892268878F008BF163 /* Info.plist */ = {isa = PBXFileReference; lastKnownFileType = text.plist.xml; path = Info.plist; sourceTree = "<group>"; };
		3FE1BFDB22688831009E7D5D /* StubPlayTV.framework */ = {isa = PBXFileReference; explicitFileType = wrapper.framework; includeInIndex = 0; path = StubPlayTV.framework; sourceTree = BUILT_PRODUCTS_DIR; };
		3FE1BFF7226888E0009E7D5D /* StubPlayTVTests.xctest */ = {isa = PBXFileReference; explicitFileType = wrapper.cfbundle; includeInIndex = 0; path = StubPlayTVTests.xctest; sourceTree = BUILT_PRODUCTS_DIR; };
		3FE1C00222688CB3009E7D5D /* StubPlay.swift */ = {isa = PBXFileReference; lastKnownFileType = sourcecode.swift; path = StubPlay.swift; sourceTree = "<group>"; };
/* End PBXFileReference section */

/* Begin PBXFrameworksBuildPhase section */
		3F5FAF762268878F008BF163 /* Frameworks */ = {
			isa = PBXFrameworksBuildPhase;
			buildActionMask = 2147483647;
			files = (
			);
			runOnlyForDeploymentPostprocessing = 0;
		};
		3F5FAF7F2268878F008BF163 /* Frameworks */ = {
			isa = PBXFrameworksBuildPhase;
			buildActionMask = 2147483647;
			files = (
				3F5FAF832268878F008BF163 /* StubPlay.framework in Frameworks */,
			);
			runOnlyForDeploymentPostprocessing = 0;
		};
		3FE1BFD822688831009E7D5D /* Frameworks */ = {
			isa = PBXFrameworksBuildPhase;
			buildActionMask = 2147483647;
			files = (
			);
			runOnlyForDeploymentPostprocessing = 0;
		};
		3FE1BFF4226888E0009E7D5D /* Frameworks */ = {
			isa = PBXFrameworksBuildPhase;
			buildActionMask = 2147483647;
			files = (
				3FE1BFFC226888E0009E7D5D /* StubPlayTV.framework in Frameworks */,
			);
			runOnlyForDeploymentPostprocessing = 0;
		};
/* End PBXFrameworksBuildPhase section */

/* Begin PBXGroup section */
		3F5FAF6F2268878F008BF163 = {
			isa = PBXGroup;
			children = (
				3F5FAF7B2268878F008BF163 /* Source */,
				3F5FAF862268878F008BF163 /* Tests */,
				3F5FAF7A2268878F008BF163 /* Products */,
			);
			sourceTree = "<group>";
		};
		3F5FAF7A2268878F008BF163 /* Products */ = {
			isa = PBXGroup;
			children = (
				3F5FAF792268878F008BF163 /* StubPlay.framework */,
				3F5FAF822268878F008BF163 /* StubPlayTests.xctest */,
				3FE1BFDB22688831009E7D5D /* StubPlayTV.framework */,
				3FE1BFF7226888E0009E7D5D /* StubPlayTVTests.xctest */,
			);
			name = Products;
			sourceTree = "<group>";
		};
		3F5FAF7B2268878F008BF163 /* Source */ = {
			isa = PBXGroup;
			children = (
				3F5FAF7C2268878F008BF163 /* StubPlay.h */,
				3F5FAF7D2268878F008BF163 /* Info.plist */,
				3FE1C00222688CB3009E7D5D /* StubPlay.swift */,
			);
			path = Source;
			sourceTree = "<group>";
		};
		3F5FAF862268878F008BF163 /* Tests */ = {
			isa = PBXGroup;
			children = (
				3F5FAF872268878F008BF163 /* StubPlayTests.swift */,
				3F5FAF892268878F008BF163 /* Info.plist */,
			);
			path = Tests;
			sourceTree = "<group>";
		};
/* End PBXGroup section */

/* Begin PBXHeadersBuildPhase section */
		3F5FAF742268878F008BF163 /* Headers */ = {
			isa = PBXHeadersBuildPhase;
			buildActionMask = 2147483647;
			files = (
				3F5FAF8A2268878F008BF163 /* StubPlay.h in Headers */,
			);
			runOnlyForDeploymentPostprocessing = 0;
		};
		3FE1BFD622688831009E7D5D /* Headers */ = {
			isa = PBXHeadersBuildPhase;
			buildActionMask = 2147483647;
			files = (
			);
			runOnlyForDeploymentPostprocessing = 0;
		};
/* End PBXHeadersBuildPhase section */

/* Begin PBXNativeTarget section */
		3F5FAF782268878F008BF163 /* StubPlay */ = {
			isa = PBXNativeTarget;
			buildConfigurationList = 3F5FAF8D2268878F008BF163 /* Build configuration list for PBXNativeTarget "StubPlay" */;
			buildPhases = (
				3F5FAF742268878F008BF163 /* Headers */,
				3F5FAF752268878F008BF163 /* Sources */,
				3F5FAF762268878F008BF163 /* Frameworks */,
				3F5FAF772268878F008BF163 /* Resources */,
			);
			buildRules = (
			);
			dependencies = (
			);
			name = StubPlay;
			productName = StubPlay;
			productReference = 3F5FAF792268878F008BF163 /* StubPlay.framework */;
			productType = "com.apple.product-type.framework";
		};
		3F5FAF812268878F008BF163 /* StubPlayTests */ = {
			isa = PBXNativeTarget;
			buildConfigurationList = 3F5FAF902268878F008BF163 /* Build configuration list for PBXNativeTarget "StubPlayTests" */;
			buildPhases = (
				3F5FAF7E2268878F008BF163 /* Sources */,
				3F5FAF7F2268878F008BF163 /* Frameworks */,
				3F5FAF802268878F008BF163 /* Resources */,
			);
			buildRules = (
			);
			dependencies = (
				3F5FAF852268878F008BF163 /* PBXTargetDependency */,
			);
			name = StubPlayTests;
			productName = StubPlayTests;
			productReference = 3F5FAF822268878F008BF163 /* StubPlayTests.xctest */;
			productType = "com.apple.product-type.bundle.unit-test";
		};
		3FE1BFDA22688831009E7D5D /* StubPlayTV */ = {
			isa = PBXNativeTarget;
			buildConfigurationList = 3FE1BFEC22688831009E7D5D /* Build configuration list for PBXNativeTarget "StubPlayTV" */;
			buildPhases = (
				3FE1BFD622688831009E7D5D /* Headers */,
				3FE1BFD722688831009E7D5D /* Sources */,
				3FE1BFD822688831009E7D5D /* Frameworks */,
				3FE1BFD922688831009E7D5D /* Resources */,
			);
			buildRules = (
			);
			dependencies = (
			);
			name = StubPlayTV;
			productName = StubPlayTV;
			productReference = 3FE1BFDB22688831009E7D5D /* StubPlayTV.framework */;
			productType = "com.apple.product-type.framework";
		};
		3FE1BFF6226888E0009E7D5D /* StubPlayTVTests */ = {
			isa = PBXNativeTarget;
			buildConfigurationList = 3FE1BFFF226888E0009E7D5D /* Build configuration list for PBXNativeTarget "StubPlayTVTests" */;
			buildPhases = (
				3FE1BFF3226888E0009E7D5D /* Sources */,
				3FE1BFF4226888E0009E7D5D /* Frameworks */,
				3FE1BFF5226888E0009E7D5D /* Resources */,
			);
			buildRules = (
			);
			dependencies = (
				3FE1BFFE226888E0009E7D5D /* PBXTargetDependency */,
			);
			name = StubPlayTVTests;
			productName = StubPlayTVTests;
			productReference = 3FE1BFF7226888E0009E7D5D /* StubPlayTVTests.xctest */;
			productType = "com.apple.product-type.bundle.unit-test";
		};
/* End PBXNativeTarget section */

/* Begin PBXProject section */
		3F5FAF702268878F008BF163 /* Project object */ = {
			isa = PBXProject;
			attributes = {
				LastSwiftUpdateCheck = 1020;
				LastUpgradeCheck = 1020;
				ORGANIZATIONNAME = "Mokten Pty Ltd";
				TargetAttributes = {
					3F5FAF782268878F008BF163 = {
						CreatedOnToolsVersion = 10.2;
						LastSwiftMigration = 1020;
					};
					3F5FAF812268878F008BF163 = {
						CreatedOnToolsVersion = 10.2;
					};
					3FE1BFDA22688831009E7D5D = {
						CreatedOnToolsVersion = 10.2;
						LastSwiftMigration = 1020;
					};
					3FE1BFF6226888E0009E7D5D = {
						CreatedOnToolsVersion = 10.2;
					};
				};
			};
			buildConfigurationList = 3F5FAF732268878F008BF163 /* Build configuration list for PBXProject "StubPlay" */;
			compatibilityVersion = "Xcode 9.3";
			developmentRegion = en;
			hasScannedForEncodings = 0;
			knownRegions = (
				en,
			);
			mainGroup = 3F5FAF6F2268878F008BF163;
			productRefGroup = 3F5FAF7A2268878F008BF163 /* Products */;
			projectDirPath = "";
			projectRoot = "";
			targets = (
				3F5FAF782268878F008BF163 /* StubPlay */,
				3F5FAF812268878F008BF163 /* StubPlayTests */,
				3FE1BFDA22688831009E7D5D /* StubPlayTV */,
				3FE1BFF6226888E0009E7D5D /* StubPlayTVTests */,
			);
		};
/* End PBXProject section */

/* Begin PBXResourcesBuildPhase section */
		3F5FAF772268878F008BF163 /* Resources */ = {
			isa = PBXResourcesBuildPhase;
			buildActionMask = 2147483647;
			files = (
			);
			runOnlyForDeploymentPostprocessing = 0;
		};
		3F5FAF802268878F008BF163 /* Resources */ = {
			isa = PBXResourcesBuildPhase;
			buildActionMask = 2147483647;
			files = (
			);
			runOnlyForDeploymentPostprocessing = 0;
		};
		3FE1BFD922688831009E7D5D /* Resources */ = {
			isa = PBXResourcesBuildPhase;
			buildActionMask = 2147483647;
			files = (
			);
			runOnlyForDeploymentPostprocessing = 0;
		};
		3FE1BFF5226888E0009E7D5D /* Resources */ = {
			isa = PBXResourcesBuildPhase;
			buildActionMask = 2147483647;
			files = (
			);
			runOnlyForDeploymentPostprocessing = 0;
		};
/* End PBXResourcesBuildPhase section */

/* Begin PBXSourcesBuildPhase section */
		3F5FAF752268878F008BF163 /* Sources */ = {
			isa = PBXSourcesBuildPhase;
			buildActionMask = 2147483647;
			files = (
				3FE1C00322688CB3009E7D5D /* StubPlay.swift in Sources */,
			);
			runOnlyForDeploymentPostprocessing = 0;
		};
		3F5FAF7E2268878F008BF163 /* Sources */ = {
			isa = PBXSourcesBuildPhase;
			buildActionMask = 2147483647;
			files = (
				3F5FAF882268878F008BF163 /* StubPlayTests.swift in Sources */,
			);
			runOnlyForDeploymentPostprocessing = 0;
		};
		3FE1BFD722688831009E7D5D /* Sources */ = {
			isa = PBXSourcesBuildPhase;
			buildActionMask = 2147483647;
			files = (
				3FE1C00422688CB3009E7D5D /* StubPlay.swift in Sources */,
			);
			runOnlyForDeploymentPostprocessing = 0;
		};
		3FE1BFF3226888E0009E7D5D /* Sources */ = {
			isa = PBXSourcesBuildPhase;
			buildActionMask = 2147483647;
			files = (
			);
			runOnlyForDeploymentPostprocessing = 0;
		};
/* End PBXSourcesBuildPhase section */

/* Begin PBXTargetDependency section */
		3F5FAF852268878F008BF163 /* PBXTargetDependency */ = {
			isa = PBXTargetDependency;
			target = 3F5FAF782268878F008BF163 /* StubPlay */;
			targetProxy = 3F5FAF842268878F008BF163 /* PBXContainerItemProxy */;
		};
		3FE1BFFE226888E0009E7D5D /* PBXTargetDependency */ = {
			isa = PBXTargetDependency;
			target = 3FE1BFDA22688831009E7D5D /* StubPlayTV */;
			targetProxy = 3FE1BFFD226888E0009E7D5D /* PBXContainerItemProxy */;
		};
/* End PBXTargetDependency section */

/* Begin XCBuildConfiguration section */
		3F5FAF8B2268878F008BF163 /* Debug */ = {
			isa = XCBuildConfiguration;
			buildSettings = {
				ALWAYS_SEARCH_USER_PATHS = NO;
				CLANG_ANALYZER_NONNULL = YES;
				CLANG_ANALYZER_NUMBER_OBJECT_CONVERSION = YES_AGGRESSIVE;
				CLANG_CXX_LANGUAGE_STANDARD = "gnu++14";
				CLANG_CXX_LIBRARY = "libc++";
				CLANG_ENABLE_MODULES = YES;
				CLANG_ENABLE_OBJC_ARC = YES;
				CLANG_ENABLE_OBJC_WEAK = YES;
				CLANG_WARN_BLOCK_CAPTURE_AUTORELEASING = YES;
				CLANG_WARN_BOOL_CONVERSION = YES;
				CLANG_WARN_COMMA = YES;
				CLANG_WARN_CONSTANT_CONVERSION = YES;
				CLANG_WARN_DEPRECATED_OBJC_IMPLEMENTATIONS = YES;
				CLANG_WARN_DIRECT_OBJC_ISA_USAGE = YES_ERROR;
				CLANG_WARN_DOCUMENTATION_COMMENTS = YES;
				CLANG_WARN_EMPTY_BODY = YES;
				CLANG_WARN_ENUM_CONVERSION = YES;
				CLANG_WARN_INFINITE_RECURSION = YES;
				CLANG_WARN_INT_CONVERSION = YES;
				CLANG_WARN_NON_LITERAL_NULL_CONVERSION = YES;
				CLANG_WARN_OBJC_IMPLICIT_RETAIN_SELF = YES;
				CLANG_WARN_OBJC_LITERAL_CONVERSION = YES;
				CLANG_WARN_OBJC_ROOT_CLASS = YES_ERROR;
				CLANG_WARN_RANGE_LOOP_ANALYSIS = YES;
				CLANG_WARN_STRICT_PROTOTYPES = YES;
				CLANG_WARN_SUSPICIOUS_MOVE = YES;
				CLANG_WARN_UNGUARDED_AVAILABILITY = YES_AGGRESSIVE;
				CLANG_WARN_UNREACHABLE_CODE = YES;
				CLANG_WARN__DUPLICATE_METHOD_MATCH = YES;
				CODE_SIGN_IDENTITY = "iPhone Developer";
				COPY_PHASE_STRIP = NO;
				CURRENT_PROJECT_VERSION = 1;
				DEBUG_INFORMATION_FORMAT = dwarf;
				ENABLE_STRICT_OBJC_MSGSEND = YES;
				ENABLE_TESTABILITY = YES;
				GCC_C_LANGUAGE_STANDARD = gnu11;
				GCC_DYNAMIC_NO_PIC = NO;
				GCC_NO_COMMON_BLOCKS = YES;
				GCC_OPTIMIZATION_LEVEL = 0;
				GCC_PREPROCESSOR_DEFINITIONS = (
					"DEBUG=1",
					"$(inherited)",
				);
				GCC_WARN_64_TO_32_BIT_CONVERSION = YES;
				GCC_WARN_ABOUT_RETURN_TYPE = YES_ERROR;
				GCC_WARN_UNDECLARED_SELECTOR = YES;
				GCC_WARN_UNINITIALIZED_AUTOS = YES_AGGRESSIVE;
				GCC_WARN_UNUSED_FUNCTION = YES;
				GCC_WARN_UNUSED_VARIABLE = YES;
				IPHONEOS_DEPLOYMENT_TARGET = 11.0;
				MTL_ENABLE_DEBUG_INFO = INCLUDE_SOURCE;
				MTL_FAST_MATH = YES;
				ONLY_ACTIVE_ARCH = YES;
				SDKROOT = iphoneos;
				SWIFT_ACTIVE_COMPILATION_CONDITIONS = DEBUG;
				SWIFT_OPTIMIZATION_LEVEL = "-Onone";
				SWIFT_VERSION = 5.0;
				VERSIONING_SYSTEM = "apple-generic";
				VERSION_INFO_PREFIX = "";
			};
			name = Debug;
		};
		3F5FAF8C2268878F008BF163 /* Release */ = {
			isa = XCBuildConfiguration;
			buildSettings = {
				ALWAYS_SEARCH_USER_PATHS = NO;
				CLANG_ANALYZER_NONNULL = YES;
				CLANG_ANALYZER_NUMBER_OBJECT_CONVERSION = YES_AGGRESSIVE;
				CLANG_CXX_LANGUAGE_STANDARD = "gnu++14";
				CLANG_CXX_LIBRARY = "libc++";
				CLANG_ENABLE_MODULES = YES;
				CLANG_ENABLE_OBJC_ARC = YES;
				CLANG_ENABLE_OBJC_WEAK = YES;
				CLANG_WARN_BLOCK_CAPTURE_AUTORELEASING = YES;
				CLANG_WARN_BOOL_CONVERSION = YES;
				CLANG_WARN_COMMA = YES;
				CLANG_WARN_CONSTANT_CONVERSION = YES;
				CLANG_WARN_DEPRECATED_OBJC_IMPLEMENTATIONS = YES;
				CLANG_WARN_DIRECT_OBJC_ISA_USAGE = YES_ERROR;
				CLANG_WARN_DOCUMENTATION_COMMENTS = YES;
				CLANG_WARN_EMPTY_BODY = YES;
				CLANG_WARN_ENUM_CONVERSION = YES;
				CLANG_WARN_INFINITE_RECURSION = YES;
				CLANG_WARN_INT_CONVERSION = YES;
				CLANG_WARN_NON_LITERAL_NULL_CONVERSION = YES;
				CLANG_WARN_OBJC_IMPLICIT_RETAIN_SELF = YES;
				CLANG_WARN_OBJC_LITERAL_CONVERSION = YES;
				CLANG_WARN_OBJC_ROOT_CLASS = YES_ERROR;
				CLANG_WARN_RANGE_LOOP_ANALYSIS = YES;
				CLANG_WARN_STRICT_PROTOTYPES = YES;
				CLANG_WARN_SUSPICIOUS_MOVE = YES;
				CLANG_WARN_UNGUARDED_AVAILABILITY = YES_AGGRESSIVE;
				CLANG_WARN_UNREACHABLE_CODE = YES;
				CLANG_WARN__DUPLICATE_METHOD_MATCH = YES;
				CODE_SIGN_IDENTITY = "iPhone Developer";
				COPY_PHASE_STRIP = NO;
				CURRENT_PROJECT_VERSION = 1;
				DEBUG_INFORMATION_FORMAT = "dwarf-with-dsym";
				ENABLE_NS_ASSERTIONS = NO;
				ENABLE_STRICT_OBJC_MSGSEND = YES;
				GCC_C_LANGUAGE_STANDARD = gnu11;
				GCC_NO_COMMON_BLOCKS = YES;
				GCC_WARN_64_TO_32_BIT_CONVERSION = YES;
				GCC_WARN_ABOUT_RETURN_TYPE = YES_ERROR;
				GCC_WARN_UNDECLARED_SELECTOR = YES;
				GCC_WARN_UNINITIALIZED_AUTOS = YES_AGGRESSIVE;
				GCC_WARN_UNUSED_FUNCTION = YES;
				GCC_WARN_UNUSED_VARIABLE = YES;
				IPHONEOS_DEPLOYMENT_TARGET = 11.0;
				MTL_ENABLE_DEBUG_INFO = NO;
				MTL_FAST_MATH = YES;
				SDKROOT = iphoneos;
				SWIFT_COMPILATION_MODE = wholemodule;
				SWIFT_OPTIMIZATION_LEVEL = "-O";
				SWIFT_VERSION = 5.0;
				VALIDATE_PRODUCT = YES;
				VERSIONING_SYSTEM = "apple-generic";
				VERSION_INFO_PREFIX = "";
			};
			name = Release;
		};
		3F5FAF8E2268878F008BF163 /* Debug */ = {
			isa = XCBuildConfiguration;
			buildSettings = {
				CLANG_ENABLE_MODULES = YES;
				CODE_SIGN_IDENTITY = "";
				CODE_SIGN_STYLE = Automatic;
				DEFINES_MODULE = YES;
				DEVELOPMENT_TEAM = 862DX7386G;
				DYLIB_COMPATIBILITY_VERSION = 1;
				DYLIB_CURRENT_VERSION = 1;
				DYLIB_INSTALL_NAME_BASE = "@rpath";
				INFOPLIST_FILE = Source/Info.plist;
				INSTALL_PATH = "$(LOCAL_LIBRARY_DIR)/Frameworks";
				IPHONEOS_DEPLOYMENT_TARGET = 11.0;
				LD_RUNPATH_SEARCH_PATHS = (
					"$(inherited)",
					"@executable_path/Frameworks",
					"@loader_path/Frameworks",
				);
				PRODUCT_BUNDLE_IDENTIFIER = com.mokten.StubPlay;
				PRODUCT_NAME = "$(TARGET_NAME:c99extidentifier)";
				SKIP_INSTALL = YES;
				SWIFT_OPTIMIZATION_LEVEL = "-Onone";
				SWIFT_VERSION = 5.0;
				TARGETED_DEVICE_FAMILY = "1,2";
			};
			name = Debug;
		};
		3F5FAF8F2268878F008BF163 /* Release */ = {
			isa = XCBuildConfiguration;
			buildSettings = {
				CLANG_ENABLE_MODULES = YES;
				CODE_SIGN_IDENTITY = "";
				CODE_SIGN_STYLE = Automatic;
				DEFINES_MODULE = YES;
				DEVELOPMENT_TEAM = 862DX7386G;
				DYLIB_COMPATIBILITY_VERSION = 1;
				DYLIB_CURRENT_VERSION = 1;
				DYLIB_INSTALL_NAME_BASE = "@rpath";
				INFOPLIST_FILE = Source/Info.plist;
				INSTALL_PATH = "$(LOCAL_LIBRARY_DIR)/Frameworks";
				IPHONEOS_DEPLOYMENT_TARGET = 11.0;
				LD_RUNPATH_SEARCH_PATHS = (
					"$(inherited)",
					"@executable_path/Frameworks",
					"@loader_path/Frameworks",
				);
				PRODUCT_BUNDLE_IDENTIFIER = com.mokten.StubPlay;
				PRODUCT_NAME = "$(TARGET_NAME:c99extidentifier)";
				SKIP_INSTALL = YES;
				SWIFT_VERSION = 5.0;
				TARGETED_DEVICE_FAMILY = "1,2";
			};
			name = Release;
		};
		3F5FAF912268878F008BF163 /* Debug */ = {
			isa = XCBuildConfiguration;
			buildSettings = {
				ALWAYS_EMBED_SWIFT_STANDARD_LIBRARIES = YES;
				CODE_SIGN_STYLE = Automatic;
				DEVELOPMENT_TEAM = 862DX7386G;
				INFOPLIST_FILE = Tests/Info.plist;
				LD_RUNPATH_SEARCH_PATHS = (
					"$(inherited)",
					"@executable_path/Frameworks",
					"@loader_path/Frameworks",
				);
				PRODUCT_BUNDLE_IDENTIFIER = com.mokten.StubPlayTests;
				PRODUCT_NAME = "$(TARGET_NAME)";
				SWIFT_VERSION = 5.0;
				TARGETED_DEVICE_FAMILY = "1,2";
			};
			name = Debug;
		};
		3F5FAF922268878F008BF163 /* Release */ = {
			isa = XCBuildConfiguration;
			buildSettings = {
				ALWAYS_EMBED_SWIFT_STANDARD_LIBRARIES = YES;
				CODE_SIGN_STYLE = Automatic;
				DEVELOPMENT_TEAM = 862DX7386G;
				INFOPLIST_FILE = Tests/Info.plist;
				LD_RUNPATH_SEARCH_PATHS = (
					"$(inherited)",
					"@executable_path/Frameworks",
					"@loader_path/Frameworks",
				);
				PRODUCT_BUNDLE_IDENTIFIER = com.mokten.StubPlayTests;
				PRODUCT_NAME = "$(TARGET_NAME)";
				SWIFT_VERSION = 5.0;
				TARGETED_DEVICE_FAMILY = "1,2";
			};
			name = Release;
		};
		3FE1BFED22688831009E7D5D /* Debug */ = {
			isa = XCBuildConfiguration;
			buildSettings = {
				CLANG_ENABLE_MODULES = YES;
				CODE_SIGN_IDENTITY = "";
				CODE_SIGN_STYLE = Automatic;
				DEFINES_MODULE = YES;
				DEVELOPMENT_TEAM = 862DX7386G;
				DYLIB_COMPATIBILITY_VERSION = 1;
				DYLIB_CURRENT_VERSION = 1;
				DYLIB_INSTALL_NAME_BASE = "@rpath";
				INFOPLIST_FILE = Source/Info.plist;
				INSTALL_PATH = "$(LOCAL_LIBRARY_DIR)/Frameworks";
				LD_RUNPATH_SEARCH_PATHS = (
					"$(inherited)",
					"@executable_path/Frameworks",
					"@loader_path/Frameworks",
				);
				PRODUCT_BUNDLE_IDENTIFIER = com.mokten.StubPlayTV;
				PRODUCT_NAME = "$(TARGET_NAME:c99extidentifier)";
				SDKROOT = appletvos;
				SKIP_INSTALL = YES;
				SWIFT_OPTIMIZATION_LEVEL = "-Onone";
				SWIFT_VERSION = 5.0;
				TARGETED_DEVICE_FAMILY = 3;
				TVOS_DEPLOYMENT_TARGET = 11.0;
			};
			name = Debug;
		};
		3FE1BFEE22688831009E7D5D /* Release */ = {
			isa = XCBuildConfiguration;
			buildSettings = {
				CLANG_ENABLE_MODULES = YES;
				CODE_SIGN_IDENTITY = "";
				CODE_SIGN_STYLE = Automatic;
				DEFINES_MODULE = YES;
				DEVELOPMENT_TEAM = 862DX7386G;
				DYLIB_COMPATIBILITY_VERSION = 1;
				DYLIB_CURRENT_VERSION = 1;
				DYLIB_INSTALL_NAME_BASE = "@rpath";
				INFOPLIST_FILE = Source/Info.plist;
				INSTALL_PATH = "$(LOCAL_LIBRARY_DIR)/Frameworks";
				LD_RUNPATH_SEARCH_PATHS = (
					"$(inherited)",
					"@executable_path/Frameworks",
					"@loader_path/Frameworks",
				);
				PRODUCT_BUNDLE_IDENTIFIER = com.mokten.StubPlayTV;
				PRODUCT_NAME = "$(TARGET_NAME:c99extidentifier)";
				SDKROOT = appletvos;
				SKIP_INSTALL = YES;
				SWIFT_VERSION = 5.0;
				TARGETED_DEVICE_FAMILY = 3;
				TVOS_DEPLOYMENT_TARGET = 11.0;
			};
			name = Release;
		};
		3FE1C000226888E0009E7D5D /* Debug */ = {
			isa = XCBuildConfiguration;
			buildSettings = {
				ALWAYS_EMBED_SWIFT_STANDARD_LIBRARIES = YES;
				CODE_SIGN_STYLE = Automatic;
				DEVELOPMENT_TEAM = 862DX7386G;
				INFOPLIST_FILE = Tests/Info.plist;
				LD_RUNPATH_SEARCH_PATHS = (
					"$(inherited)",
					"@executable_path/Frameworks",
					"@loader_path/Frameworks",
				);
				PRODUCT_BUNDLE_IDENTIFIER = com.mokten.StubPlayTVTests;
				PRODUCT_NAME = "$(TARGET_NAME)";
				SDKROOT = appletvos;
				SWIFT_VERSION = 5.0;
				TARGETED_DEVICE_FAMILY = 3;
				TVOS_DEPLOYMENT_TARGET = 12.2;
			};
			name = Debug;
		};
		3FE1C001226888E0009E7D5D /* Release */ = {
			isa = XCBuildConfiguration;
			buildSettings = {
				ALWAYS_EMBED_SWIFT_STANDARD_LIBRARIES = YES;
				CODE_SIGN_STYLE = Automatic;
				DEVELOPMENT_TEAM = 862DX7386G;
				INFOPLIST_FILE = Tests/Info.plist;
				LD_RUNPATH_SEARCH_PATHS = (
					"$(inherited)",
					"@executable_path/Frameworks",
					"@loader_path/Frameworks",
				);
				PRODUCT_BUNDLE_IDENTIFIER = com.mokten.StubPlayTVTests;
				PRODUCT_NAME = "$(TARGET_NAME)";
				SDKROOT = appletvos;
				SWIFT_VERSION = 5.0;
				TARGETED_DEVICE_FAMILY = 3;
				TVOS_DEPLOYMENT_TARGET = 12.2;
			};
			name = Release;
		};
/* End XCBuildConfiguration section */

/* Begin XCConfigurationList section */
		3F5FAF732268878F008BF163 /* Build configuration list for PBXProject "StubPlay" */ = {
			isa = XCConfigurationList;
			buildConfigurations = (
				3F5FAF8B2268878F008BF163 /* Debug */,
				3F5FAF8C2268878F008BF163 /* Release */,
			);
			defaultConfigurationIsVisible = 0;
			defaultConfigurationName = Release;
		};
		3F5FAF8D2268878F008BF163 /* Build configuration list for PBXNativeTarget "StubPlay" */ = {
			isa = XCConfigurationList;
			buildConfigurations = (
				3F5FAF8E2268878F008BF163 /* Debug */,
				3F5FAF8F2268878F008BF163 /* Release */,
			);
			defaultConfigurationIsVisible = 0;
			defaultConfigurationName = Release;
		};
		3F5FAF902268878F008BF163 /* Build configuration list for PBXNativeTarget "StubPlayTests" */ = {
			isa = XCConfigurationList;
			buildConfigurations = (
				3F5FAF912268878F008BF163 /* Debug */,
				3F5FAF922268878F008BF163 /* Release */,
			);
			defaultConfigurationIsVisible = 0;
			defaultConfigurationName = Release;
		};
		3FE1BFEC22688831009E7D5D /* Build configuration list for PBXNativeTarget "StubPlayTV" */ = {
			isa = XCConfigurationList;
			buildConfigurations = (
				3FE1BFED22688831009E7D5D /* Debug */,
				3FE1BFEE22688831009E7D5D /* Release */,
			);
			defaultConfigurationIsVisible = 0;
			defaultConfigurationName = Release;
		};
		3FE1BFFF226888E0009E7D5D /* Build configuration list for PBXNativeTarget "StubPlayTVTests" */ = {
			isa = XCConfigurationList;
			buildConfigurations = (
				3FE1C000226888E0009E7D5D /* Debug */,
				3FE1C001226888E0009E7D5D /* Release */,
			);
			defaultConfigurationIsVisible = 0;
			defaultConfigurationName = Release;
		};
/* End XCConfigurationList section */
	};
	rootObject = 3F5FAF702268878F008BF163 /* Project object */;
}
