{
  "object": {
    "pins": [
      {
        "package": "StubPlay",
        "repositoryURL": "https://github.com/mokten/StubPlay",
        "state": {
          "branch": null,
          "revision": "db132311aecc9949a1d4912b569f4c34d8b7758c",
          "version": "0.1.10"
        }
      },
      {
        "package": "Swifter",
        "repositoryURL": "https://github.com/httpswift/swifter.git",
        "state": {
          "branch": null,
          "revision": "9483a5d459b45c3ffd059f7b55f9638e268632fd",
          "version": "1.5.0"
        }
      }
    ]
  },
  "version": 1
}
