// !$*UTF8*$!
{
	archiveVersion = 1;
	classes = {
	};
	objectVersion = 54;
	objects = {

/* Begin PBXBuildFile section */
		3F1DFE6D22A91A9400FD9EB5 /* MainViewController.swift in Sources */ = {isa = PBXBuildFile; fileRef = 3F1DFE6C22A91A9400FD9EB5 /* MainViewController.swift */; };
		3F1DFE7122A91B8600FD9EB5 /* NiblessViewController.swift in Sources */ = {isa = PBXBuildFile; fileRef = 3F1DFE7022A91B8600FD9EB5 /* NiblessViewController.swift */; };
		3F1DFE8C22A9227E00FD9EB5 /* Storyboardable.swift in Sources */ = {isa = PBXBuildFile; fileRef = 3F1DFE8B22A9227E00FD9EB5 /* Storyboardable.swift */; };
		3F1DFEA722A9281200FD9EB5 /* Style.swift in Sources */ = {isa = PBXBuildFile; fileRef = 3F1DFEA622A9281200FD9EB5 /* Style.swift */; };
		3F1DFEAC22A92A8600FD9EB5 /* Video in Resources */ = {isa = PBXBuildFile; fileRef = 3F1DFEAB22A92A8600FD9EB5 /* Video */; };
		3F1DFEB222A92BC900FD9EB5 /* Image in Resources */ = {isa = PBXBuildFile; fileRef = 3F1DFEB122A92BC900FD9EB5 /* Image */; };
		3F1DFEB522A9365200FD9EB5 /* RewriteRuleViewController.swift in Sources */ = {isa = PBXBuildFile; fileRef = 3F1DFEB422A9365200FD9EB5 /* RewriteRuleViewController.swift */; };
		3F1DFEB722A9366100FD9EB5 /* RewriteRule in Resources */ = {isa = PBXBuildFile; fileRef = 3F1DFEB622A9366100FD9EB5 /* RewriteRule */; };
		3F1DFEBA22A93A8E00FD9EB5 /* MultipleViewController.swift in Sources */ = {isa = PBXBuildFile; fileRef = 3F1DFEB922A93A8E00FD9EB5 /* MultipleViewController.swift */; };
		3F1DFEBC22A93A9800FD9EB5 /* Multiple in Resources */ = {isa = PBXBuildFile; fileRef = 3F1DFEBB22A93A9800FD9EB5 /* Multiple */; };
		3F4C49C020A7EE1B009945E1 /* ImageViewController.swift in Sources */ = {isa = PBXBuildFile; fileRef = 3F4C49BF20A7EE1B009945E1 /* ImageViewController.swift */; };
		3F4C49C220A7EE39009945E1 /* CustomURLCache.swift in Sources */ = {isa = PBXBuildFile; fileRef = 3F4C49C120A7EE39009945E1 /* CustomURLCache.swift */; };
		3F4C49D420A801A6009945E1 /* VideoPlayerViewController.swift in Sources */ = {isa = PBXBuildFile; fileRef = 3F4C49D320A801A6009945E1 /* VideoPlayerViewController.swift */; };
		3F72927122C24F5700AEAF51 /* StubPlay.framework in Frameworks */ = {isa = PBXBuildFile; fileRef = 3F72927022C24F5700AEAF51 /* StubPlay.framework */; };
		3F72927222C24F5700AEAF51 /* StubPlay.framework in Embed Frameworks */ = {isa = PBXBuildFile; fileRef = 3F72927022C24F5700AEAF51 /* StubPlay.framework */; settings = {ATTRIBUTES = (CodeSignOnCopy, RemoveHeadersOnCopy, ); }; };
		3F87686E20A7E82900DAC66B /* AppDelegate.swift in Sources */ = {isa = PBXBuildFile; fileRef = 3F87686D20A7E82900DAC66B /* AppDelegate.swift */; };
		3F87687720A7E82A00DAC66B /* Assets.xcassets in Resources */ = {isa = PBXBuildFile; fileRef = 3F87687620A7E82A00DAC66B /* Assets.xcassets */; };
		3F87687A20A7E82A00DAC66B /* LaunchScreen.storyboard in Resources */ = {isa = PBXBuildFile; fileRef = 3F87687820A7E82A00DAC66B /* LaunchScreen.storyboard */; };
		3FBC613B285C5A9600007684 /* SkipStubPlayViewController.swift in Sources */ = {isa = PBXBuildFile; fileRef = 3FBC613A285C5A9600007684 /* SkipStubPlayViewController.swift */; };
		3FD2454924149C2100D285F5 /* Test1 in Resources */ = {isa = PBXBuildFile; fileRef = 3FD2454824149C2100D285F5 /* Test1 */; };
		3FEE5BCA269C4A9000B74911 /* NetworkStringViewModelTests.swift in Sources */ = {isa = PBXBuildFile; fileRef = 3FEE5BC9269C4A9000B74911 /* NetworkStringViewModelTests.swift */; };
		3FEE5BCC269C53F100B74911 /* MultipleTests in Resources */ = {isa = PBXBuildFile; fileRef = 3FEE5BCB269C53F100B74911 /* MultipleTests */; };
		3FEE5BCE269C544100B74911 /* Bundle+Extensions.swift in Sources */ = {isa = PBXBuildFile; fileRef = 3FEE5BCD269C544100B74911 /* Bundle+Extensions.swift */; };
		3FEE5BD0269C5A0900B74911 /* NetworkStringViewModel.swift in Sources */ = {isa = PBXBuildFile; fileRef = 3FEE5BCF269C5A0900B74911 /* NetworkStringViewModel.swift */; };
		3FEE5BD8269C5B6700B74911 /* Example_iOSUITests.swift in Sources */ = {isa = PBXBuildFile; fileRef = 3FEE5BD7269C5B6700B74911 /* Example_iOSUITests.swift */; };
		3FEE5BDF269C5FA200B74911 /* StubsUI in Resources */ = {isa = PBXBuildFile; fileRef = 3FEE5BDE269C5FA200B74911 /* StubsUI */; };
		3FEE5BE1269C601E00B74911 /* Bundle+Extensions.swift in Sources */ = {isa = PBXBuildFile; fileRef = 3FEE5BE0269C601E00B74911 /* Bundle+Extensions.swift */; };
		3FEE5BE4269C6B7300B74911 /* SnapshotHelper.swift in Sources */ = {isa = PBXBuildFile; fileRef = 3FEE5BE3269C6B7300B74911 /* SnapshotHelper.swift */; };
		3FF69EE32414B6BF0073BF03 /* ExampleTests.swift in Sources */ = {isa = PBXBuildFile; fileRef = 3FF69EE22414B6BF0073BF03 /* ExampleTests.swift */; };
/* End PBXBuildFile section */

/* Begin PBXContainerItemProxy section */
		3FD2454224149B0B00D285F5 /* PBXContainerItemProxy */ = {
			isa = PBXContainerItemProxy;
			containerPortal = 3F87686220A7E82900DAC66B /* Project object */;
			proxyType = 1;
			remoteGlobalIDString = 3F87686920A7E82900DAC66B;
			remoteInfo = "Example-iOS";
		};
		3FEE5BD9269C5B6700B74911 /* PBXContainerItemProxy */ = {
			isa = PBXContainerItemProxy;
			containerPortal = 3F87686220A7E82900DAC66B /* Project object */;
			proxyType = 1;
			remoteGlobalIDString = 3F87686920A7E82900DAC66B;
			remoteInfo = "Example-iOS";
		};
/* End PBXContainerItemProxy section */

/* Begin PBXCopyFilesBuildPhase section */
		3FED386922C24E1100E9A2FF /* Embed Frameworks */ = {
			isa = PBXCopyFilesBuildPhase;
			buildActionMask = 2147483647;
			dstPath = "";
			dstSubfolderSpec = 10;
			files = (
				3F72927222C24F5700AEAF51 /* StubPlay.framework in Embed Frameworks */,
			);
			name = "Embed Frameworks";
			runOnlyForDeploymentPostprocessing = 0;
		};
/* End PBXCopyFilesBuildPhase section */

/* Begin PBXFileReference section */
		3F181071260EE12E00DC29AA /* WebSocket.swift */ = {isa = PBXFileReference; lastKnownFileType = sourcecode.swift; path = WebSocket.swift; sourceTree = "<group>"; };
		3F1DFE6C22A91A9400FD9EB5 /* MainViewController.swift */ = {isa = PBXFileReference; lastKnownFileType = sourcecode.swift; path = MainViewController.swift; sourceTree = "<group>"; };
		3F1DFE7022A91B8600FD9EB5 /* NiblessViewController.swift */ = {isa = PBXFileReference; lastKnownFileType = sourcecode.swift; path = NiblessViewController.swift; sourceTree = "<group>"; };
		3F1DFE8B22A9227E00FD9EB5 /* Storyboardable.swift */ = {isa = PBXFileReference; lastKnownFileType = sourcecode.swift; path = Storyboardable.swift; sourceTree = "<group>"; };
		3F1DFEA622A9281200FD9EB5 /* Style.swift */ = {isa = PBXFileReference; fileEncoding = 4; lastKnownFileType = sourcecode.swift; path = Style.swift; sourceTree = "<group>"; };
		3F1DFEAB22A92A8600FD9EB5 /* Video */ = {isa = PBXFileReference; lastKnownFileType = folder; path = Video; sourceTree = "<group>"; };
		3F1DFEB122A92BC900FD9EB5 /* Image */ = {isa = PBXFileReference; lastKnownFileType = folder; path = Image; sourceTree = "<group>"; };
		3F1DFEB422A9365200FD9EB5 /* RewriteRuleViewController.swift */ = {isa = PBXFileReference; fileEncoding = 4; lastKnownFileType = sourcecode.swift; path = RewriteRuleViewController.swift; sourceTree = "<group>"; };
		3F1DFEB622A9366100FD9EB5 /* RewriteRule */ = {isa = PBXFileReference; lastKnownFileType = folder; path = RewriteRule; sourceTree = "<group>"; };
		3F1DFEB922A93A8E00FD9EB5 /* MultipleViewController.swift */ = {isa = PBXFileReference; fileEncoding = 4; lastKnownFileType = sourcecode.swift; path = MultipleViewController.swift; sourceTree = "<group>"; };
		3F1DFEBB22A93A9800FD9EB5 /* Multiple */ = {isa = PBXFileReference; lastKnownFileType = folder; path = Multiple; sourceTree = "<group>"; };
		3F4C49BF20A7EE1B009945E1 /* ImageViewController.swift */ = {isa = PBXFileReference; lastKnownFileType = sourcecode.swift; path = ImageViewController.swift; sourceTree = "<group>"; };
		3F4C49C120A7EE39009945E1 /* CustomURLCache.swift */ = {isa = PBXFileReference; lastKnownFileType = sourcecode.swift; path = CustomURLCache.swift; sourceTree = "<group>"; };
		3F4C49D320A801A6009945E1 /* VideoPlayerViewController.swift */ = {isa = PBXFileReference; lastKnownFileType = sourcecode.swift; path = VideoPlayerViewController.swift; sourceTree = "<group>"; };
		3F72927022C24F5700AEAF51 /* StubPlay.framework */ = {isa = PBXFileReference; explicitFileType = wrapper.framework; path = StubPlay.framework; sourceTree = BUILT_PRODUCTS_DIR; };
		3F87686A20A7E82900DAC66B /* Example-iOS.app */ = {isa = PBXFileReference; explicitFileType = wrapper.application; includeInIndex = 0; path = "Example-iOS.app"; sourceTree = BUILT_PRODUCTS_DIR; };
		3F87686D20A7E82900DAC66B /* AppDelegate.swift */ = {isa = PBXFileReference; lastKnownFileType = sourcecode.swift; path = AppDelegate.swift; sourceTree = "<group>"; };
		3F87687620A7E82A00DAC66B /* Assets.xcassets */ = {isa = PBXFileReference; lastKnownFileType = folder.assetcatalog; path = Assets.xcassets; sourceTree = "<group>"; };
		3F87687920A7E82A00DAC66B /* Base */ = {isa = PBXFileReference; lastKnownFileType = file.storyboard; name = Base; path = Base.lproj/LaunchScreen.storyboard; sourceTree = "<group>"; };
		3F87687B20A7E82A00DAC66B /* Info.plist */ = {isa = PBXFileReference; lastKnownFileType = text.plist.xml; path = Info.plist; sourceTree = "<group>"; };
		3FBC613A285C5A9600007684 /* SkipStubPlayViewController.swift */ = {isa = PBXFileReference; lastKnownFileType = sourcecode.swift; path = SkipStubPlayViewController.swift; sourceTree = "<group>"; };
		3FD2453D24149B0B00D285F5 /* Example-iOSTests.xctest */ = {isa = PBXFileReference; explicitFileType = wrapper.cfbundle; includeInIndex = 0; path = "Example-iOSTests.xctest"; sourceTree = BUILT_PRODUCTS_DIR; };
		3FD2454124149B0B00D285F5 /* Info.plist */ = {isa = PBXFileReference; lastKnownFileType = text.plist.xml; path = Info.plist; sourceTree = "<group>"; };
		3FD2454824149C2100D285F5 /* Test1 */ = {isa = PBXFileReference; lastKnownFileType = folder; path = Test1; sourceTree = "<group>"; };
		3FEE5BC9269C4A9000B74911 /* NetworkStringViewModelTests.swift */ = {isa = PBXFileReference; lastKnownFileType = sourcecode.swift; path = NetworkStringViewModelTests.swift; sourceTree = "<group>"; };
		3FEE5BCB269C53F100B74911 /* MultipleTests */ = {isa = PBXFileReference; lastKnownFileType = folder; path = MultipleTests; sourceTree = "<group>"; };
		3FEE5BCD269C544100B74911 /* Bundle+Extensions.swift */ = {isa = PBXFileReference; lastKnownFileType = sourcecode.swift; path = "Bundle+Extensions.swift"; sourceTree = "<group>"; };
		3FEE5BCF269C5A0900B74911 /* NetworkStringViewModel.swift */ = {isa = PBXFileReference; lastKnownFileType = sourcecode.swift; path = NetworkStringViewModel.swift; sourceTree = "<group>"; };
		3FEE5BD5269C5B6600B74911 /* Example-iOSUITests.xctest */ = {isa = PBXFileReference; explicitFileType = wrapper.cfbundle; includeInIndex = 0; path = "Example-iOSUITests.xctest"; sourceTree = BUILT_PRODUCTS_DIR; };
		3FEE5BD7269C5B6700B74911 /* Example_iOSUITests.swift */ = {isa = PBXFileReference; lastKnownFileType = sourcecode.swift; path = Example_iOSUITests.swift; sourceTree = "<group>"; };
		3FEE5BDE269C5FA200B74911 /* StubsUI */ = {isa = PBXFileReference; lastKnownFileType = folder; path = StubsUI; sourceTree = "<group>"; };
		3FEE5BE0269C601E00B74911 /* Bundle+Extensions.swift */ = {isa = PBXFileReference; lastKnownFileType = sourcecode.swift; path = "Bundle+Extensions.swift"; sourceTree = "<group>"; };
		3FEE5BE3269C6B7300B74911 /* SnapshotHelper.swift */ = {isa = PBXFileReference; fileEncoding = 4; lastKnownFileType = sourcecode.swift; path = SnapshotHelper.swift; sourceTree = "<group>"; };
		3FF69EE22414B6BF0073BF03 /* ExampleTests.swift */ = {isa = PBXFileReference; fileEncoding = 4; lastKnownFileType = sourcecode.swift; path = ExampleTests.swift; sourceTree = "<group>"; };
/* End PBXFileReference section */

/* Begin PBXFrameworksBuildPhase section */
		3F87686720A7E82900DAC66B /* Frameworks */ = {
			isa = PBXFrameworksBuildPhase;
			buildActionMask = 2147483647;
			files = (
				3F72927122C24F5700AEAF51 /* StubPlay.framework in Frameworks */,
			);
			runOnlyForDeploymentPostprocessing = 0;
		};
		3FD2453A24149B0B00D285F5 /* Frameworks */ = {
			isa = PBXFrameworksBuildPhase;
			buildActionMask = 2147483647;
			files = (
			);
			runOnlyForDeploymentPostprocessing = 0;
		};
		3FEE5BD2269C5B6600B74911 /* Frameworks */ = {
			isa = PBXFrameworksBuildPhase;
			buildActionMask = 2147483647;
			files = (
			);
			runOnlyForDeploymentPostprocessing = 0;
		};
/* End PBXFrameworksBuildPhase section */

/* Begin PBXGroup section */
		3F181070260EE10C00DC29AA /* WebSocket */ = {
			isa = PBXGroup;
			children = (
				3F181071260EE12E00DC29AA /* WebSocket.swift */,
			);
			path = WebSocket;
			sourceTree = "<group>";
		};
		3F1DFE6E22A91ADE00FD9EB5 /* ViewControllers */ = {
			isa = PBXGroup;
			children = (
				3F1DFE6C22A91A9400FD9EB5 /* MainViewController.swift */,
				3FBC6139285C5A7200007684 /* SkipStubPlay */,
				3F1DFEB822A93A3C00FD9EB5 /* Multiple Requests */,
				3F1DFEA922A92A2400FD9EB5 /* Image */,
				3F1DFEB322A935F100FD9EB5 /* RewriteRule */,
				3F1DFEAA22A92A3400FD9EB5 /* Video */,
				3F181070260EE10C00DC29AA /* WebSocket */,
			);
			path = ViewControllers;
			sourceTree = "<group>";
		};
		3F1DFE6F22A91B7A00FD9EB5 /* Helpers */ = {
			isa = PBXGroup;
			children = (
				3F4C49C120A7EE39009945E1 /* CustomURLCache.swift */,
				3F1DFE7022A91B8600FD9EB5 /* NiblessViewController.swift */,
				3F1DFE8B22A9227E00FD9EB5 /* Storyboardable.swift */,
			);
			path = Helpers;
			sourceTree = "<group>";
		};
		3F1DFE8F22A927E600FD9EB5 /* View */ = {
			isa = PBXGroup;
			children = (
				3F1DFEA622A9281200FD9EB5 /* Style.swift */,
			);
			path = View;
			sourceTree = "<group>";
		};
		3F1DFEA922A92A2400FD9EB5 /* Image */ = {
			isa = PBXGroup;
			children = (
				3F1DFEB122A92BC900FD9EB5 /* Image */,
				3F4C49BF20A7EE1B009945E1 /* ImageViewController.swift */,
			);
			path = Image;
			sourceTree = "<group>";
		};
		3F1DFEAA22A92A3400FD9EB5 /* Video */ = {
			isa = PBXGroup;
			children = (
				3F1DFEAB22A92A8600FD9EB5 /* Video */,
				3F4C49D320A801A6009945E1 /* VideoPlayerViewController.swift */,
			);
			path = Video;
			sourceTree = "<group>";
		};
		3F1DFEB322A935F100FD9EB5 /* RewriteRule */ = {
			isa = PBXGroup;
			children = (
				3F1DFEB622A9366100FD9EB5 /* RewriteRule */,
				3F1DFEB422A9365200FD9EB5 /* RewriteRuleViewController.swift */,
			);
			path = RewriteRule;
			sourceTree = "<group>";
		};
		3F1DFEB822A93A3C00FD9EB5 /* Multiple Requests */ = {
			isa = PBXGroup;
			children = (
				3FEE5BC8269C4A7A00B74911 /* Tests */,
				3F1DFEBB22A93A9800FD9EB5 /* Multiple */,
				3F1DFEB922A93A8E00FD9EB5 /* MultipleViewController.swift */,
				3FEE5BCF269C5A0900B74911 /* NetworkStringViewModel.swift */,
			);
			path = "Multiple Requests";
			sourceTree = "<group>";
		};
		3F87686120A7E82900DAC66B = {
			isa = PBXGroup;
			children = (
				3F87686C20A7E82900DAC66B /* Source */,
				3FD2453E24149B0B00D285F5 /* Example-iOSTests */,
				3FEE5BD6269C5B6700B74911 /* Example-iOSUITests */,
				3F87686B20A7E82900DAC66B /* Products */,
				6FAE42AD047B839A47B34BD4 /* Frameworks */,
			);
			sourceTree = "<group>";
		};
		3F87686B20A7E82900DAC66B /* Products */ = {
			isa = PBXGroup;
			children = (
				3F87686A20A7E82900DAC66B /* Example-iOS.app */,
				3FD2453D24149B0B00D285F5 /* Example-iOSTests.xctest */,
				3FEE5BD5269C5B6600B74911 /* Example-iOSUITests.xctest */,
			);
			name = Products;
			sourceTree = "<group>";
		};
		3F87686C20A7E82900DAC66B /* Source */ = {
			isa = PBXGroup;
			children = (
				3F87686D20A7E82900DAC66B /* AppDelegate.swift */,
				3F1DFE6E22A91ADE00FD9EB5 /* ViewControllers */,
				3F1DFE8F22A927E600FD9EB5 /* View */,
				3F1DFE6F22A91B7A00FD9EB5 /* Helpers */,
				3F87687620A7E82A00DAC66B /* Assets.xcassets */,
				3F87687820A7E82A00DAC66B /* LaunchScreen.storyboard */,
				3F87687B20A7E82A00DAC66B /* Info.plist */,
			);
			path = Source;
			sourceTree = "<group>";
		};
		3FBC6138285C468F00007684 /* Extensions */ = {
			isa = PBXGroup;
			children = (
			);
			path = Extensions;
			sourceTree = "<group>";
		};
		3FBC6139285C5A7200007684 /* SkipStubPlay */ = {
			isa = PBXGroup;
			children = (
				3FBC613A285C5A9600007684 /* SkipStubPlayViewController.swift */,
			);
			path = SkipStubPlay;
			sourceTree = "<group>";
		};
		3FD2453E24149B0B00D285F5 /* Example-iOSTests */ = {
			isa = PBXGroup;
			children = (
				3FD2454724149BCB00D285F5 /* Test1 */,
				3FBC6138285C468F00007684 /* Extensions */,
				3FD2454124149B0B00D285F5 /* Info.plist */,
				3FEE5BCD269C544100B74911 /* Bundle+Extensions.swift */,
			);
			path = "Example-iOSTests";
			sourceTree = "<group>";
		};
		3FD2454724149BCB00D285F5 /* Test1 */ = {
			isa = PBXGroup;
			children = (
				3FD2454824149C2100D285F5 /* Test1 */,
				3FF69EE22414B6BF0073BF03 /* ExampleTests.swift */,
			);
			path = Test1;
			sourceTree = "<group>";
		};
		3FEE5BC8269C4A7A00B74911 /* Tests */ = {
			isa = PBXGroup;
			children = (
				3FEE5BCB269C53F100B74911 /* MultipleTests */,
				3FEE5BC9269C4A9000B74911 /* NetworkStringViewModelTests.swift */,
			);
			path = Tests;
			sourceTree = "<group>";
		};
		3FEE5BD6269C5B6700B74911 /* Example-iOSUITests */ = {
			isa = PBXGroup;
			children = (
				3FEE5BDE269C5FA200B74911 /* StubsUI */,
				3FEE5BD7269C5B6700B74911 /* Example_iOSUITests.swift */,
				3FEE5BE0269C601E00B74911 /* Bundle+Extensions.swift */,
				3FEE5BE3269C6B7300B74911 /* SnapshotHelper.swift */,
			);
			path = "Example-iOSUITests";
			sourceTree = "<group>";
		};
		6FAE42AD047B839A47B34BD4 /* Frameworks */ = {
			isa = PBXGroup;
			children = (
				3F72927022C24F5700AEAF51 /* StubPlay.framework */,
			);
			name = Frameworks;
			sourceTree = "<group>";
		};
/* End PBXGroup section */

/* Begin PBXNativeTarget section */
		3F87686920A7E82900DAC66B /* Example-iOS */ = {
			isa = PBXNativeTarget;
			buildConfigurationList = 3F87688920A7E82B00DAC66B /* Build configuration list for PBXNativeTarget "Example-iOS" */;
			buildPhases = (
				3F87686620A7E82900DAC66B /* Sources */,
				3F87686720A7E82900DAC66B /* Frameworks */,
				3F87686820A7E82900DAC66B /* Resources */,
				3FED386922C24E1100E9A2FF /* Embed Frameworks */,
			);
			buildRules = (
			);
			dependencies = (
			);
			name = "Example-iOS";
			packageProductDependencies = (
			);
			productName = "Example-iOS";
			productReference = 3F87686A20A7E82900DAC66B /* Example-iOS.app */;
			productType = "com.apple.product-type.application";
		};
		3FD2453C24149B0B00D285F5 /* Example-iOSTests */ = {
			isa = PBXNativeTarget;
			buildConfigurationList = 3FD2454624149B0B00D285F5 /* Build configuration list for PBXNativeTarget "Example-iOSTests" */;
			buildPhases = (
				3FD2453924149B0B00D285F5 /* Sources */,
				3FD2453A24149B0B00D285F5 /* Frameworks */,
				3FD2453B24149B0B00D285F5 /* Resources */,
			);
			buildRules = (
			);
			dependencies = (
				3FD2454324149B0B00D285F5 /* PBXTargetDependency */,
			);
			name = "Example-iOSTests";
			productName = "Example-iOSTests";
			productReference = 3FD2453D24149B0B00D285F5 /* Example-iOSTests.xctest */;
			productType = "com.apple.product-type.bundle.unit-test";
		};
		3FEE5BD4269C5B6600B74911 /* Example-iOSUITests */ = {
			isa = PBXNativeTarget;
			buildConfigurationList = 3FEE5BDD269C5B6700B74911 /* Build configuration list for PBXNativeTarget "Example-iOSUITests" */;
			buildPhases = (
				3FEE5BD1269C5B6600B74911 /* Sources */,
				3FEE5BD2269C5B6600B74911 /* Frameworks */,
				3FEE5BD3269C5B6600B74911 /* Resources */,
				3FEE5BE2269C68CF00B74911 /* Copy Screenshots */,
			);
			buildRules = (
			);
			dependencies = (
				3FEE5BDA269C5B6700B74911 /* PBXTargetDependency */,
			);
			name = "Example-iOSUITests";
			productName = "Example-iOSUITests";
			productReference = 3FEE5BD5269C5B6600B74911 /* Example-iOSUITests.xctest */;
			productType = "com.apple.product-type.bundle.ui-testing";
		};
/* End PBXNativeTarget section */

/* Begin PBXProject section */
		3F87686220A7E82900DAC66B /* Project object */ = {
			isa = PBXProject;
			attributes = {
				LastSwiftUpdateCheck = 1300;
				LastUpgradeCheck = 1200;
				ORGANIZATIONNAME = "Mokten Pty Ltd";
				TargetAttributes = {
					3F87686920A7E82900DAC66B = {
						CreatedOnToolsVersion = 9.3.1;
					};
					3FD2453C24149B0B00D285F5 = {
						CreatedOnToolsVersion = 11.3.1;
						TestTargetID = 3F87686920A7E82900DAC66B;
					};
					3FEE5BD4269C5B6600B74911 = {
						CreatedOnToolsVersion = 13.0;
						TestTargetID = 3F87686920A7E82900DAC66B;
					};
				};
			};
			buildConfigurationList = 3F87686520A7E82900DAC66B /* Build configuration list for PBXProject "Example-iOS" */;
			compatibilityVersion = "Xcode 11.0";
			developmentRegion = en;
			hasScannedForEncodings = 0;
			knownRegions = (
				en,
				Base,
			);
			mainGroup = 3F87686120A7E82900DAC66B;
			packageReferences = (
			);
			productRefGroup = 3F87686B20A7E82900DAC66B /* Products */;
			projectDirPath = "";
			projectRoot = "";
			targets = (
				3F87686920A7E82900DAC66B /* Example-iOS */,
				3FD2453C24149B0B00D285F5 /* Example-iOSTests */,
				3FEE5BD4269C5B6600B74911 /* Example-iOSUITests */,
			);
		};
/* End PBXProject section */

/* Begin PBXResourcesBuildPhase section */
		3F87686820A7E82900DAC66B /* Resources */ = {
			isa = PBXResourcesBuildPhase;
			buildActionMask = 2147483647;
			files = (
				3F1DFEAC22A92A8600FD9EB5 /* Video in Resources */,
				3F87687A20A7E82A00DAC66B /* LaunchScreen.storyboard in Resources */,
				3F87687720A7E82A00DAC66B /* Assets.xcassets in Resources */,
				3F1DFEB222A92BC900FD9EB5 /* Image in Resources */,
				3F1DFEB722A9366100FD9EB5 /* RewriteRule in Resources */,
				3F1DFEBC22A93A9800FD9EB5 /* Multiple in Resources */,
			);
			runOnlyForDeploymentPostprocessing = 0;
		};
		3FD2453B24149B0B00D285F5 /* Resources */ = {
			isa = PBXResourcesBuildPhase;
			buildActionMask = 2147483647;
			files = (
				3FEE5BCC269C53F100B74911 /* MultipleTests in Resources */,
				3FD2454924149C2100D285F5 /* Test1 in Resources */,
			);
			runOnlyForDeploymentPostprocessing = 0;
		};
		3FEE5BD3269C5B6600B74911 /* Resources */ = {
			isa = PBXResourcesBuildPhase;
			buildActionMask = 2147483647;
			files = (
				3FEE5BDF269C5FA200B74911 /* StubsUI in Resources */,
			);
			runOnlyForDeploymentPostprocessing = 0;
		};
/* End PBXResourcesBuildPhase section */

/* Begin PBXShellScriptBuildPhase section */
		3FEE5BE2269C68CF00B74911 /* Copy Screenshots */ = {
			isa = PBXShellScriptBuildPhase;
			alwaysOutOfDate = 1;
			buildActionMask = 8;
			files = (
			);
			inputFileListPaths = (
			);
			inputPaths = (
			);
			name = "Copy Screenshots";
			outputFileListPaths = (
			);
			outputPaths = (
			);
			runOnlyForDeploymentPostprocessing = 1;
			shellPath = /bin/sh;
			shellScript = "#!/usr/bin/env bash\nif [ -z \"${DERIVED_DATA_PATH}\" ] ; then\n  printf \"Please set DERIVED_DATA_PATH environment variable.\\nYou could set it on the same command:\\n\"\n  printf \"$ DERIVED_DATA_PATH=~/Desktop/DerivedDataCLI/ ${0##*/}\"\n  exit 1\nfi\nLATEST_XCRESULTS=`plutil -extract logs xml1 -o - ${DERIVED_DATA_PATH}/Logs/Test/LogStoreManifest.plist | xmllint --xpath 'string(//dict[1]/string[contains(text(),\"xcresult\")])' -`\nopen \"${DERIVED_DATA_PATH}/Logs/Test/${LATEST_XCRESULTS}/Attachments\"\n";
		};
/* End PBXShellScriptBuildPhase section */

/* Begin PBXSourcesBuildPhase section */
		3F87686620A7E82900DAC66B /* Sources */ = {
			isa = PBXSourcesBuildPhase;
			buildActionMask = 2147483647;
			files = (
				3F4C49C220A7EE39009945E1 /* CustomURLCache.swift in Sources */,
				3F87686E20A7E82900DAC66B /* AppDelegate.swift in Sources */,
				3F1DFE6D22A91A9400FD9EB5 /* MainViewController.swift in Sources */,
				3F1DFE8C22A9227E00FD9EB5 /* Storyboardable.swift in Sources */,
				3F1DFEB522A9365200FD9EB5 /* RewriteRuleViewController.swift in Sources */,
				3F1DFEBA22A93A8E00FD9EB5 /* MultipleViewController.swift in Sources */,
				3F4C49D420A801A6009945E1 /* VideoPlayerViewController.swift in Sources */,
				3F4C49C020A7EE1B009945E1 /* ImageViewController.swift in Sources */,
				3F1DFEA722A9281200FD9EB5 /* Style.swift in Sources */,
				3F1DFE7122A91B8600FD9EB5 /* NiblessViewController.swift in Sources */,
				3FBC613B285C5A9600007684 /* SkipStubPlayViewController.swift in Sources */,
				3FEE5BD0269C5A0900B74911 /* NetworkStringViewModel.swift in Sources */,
			);
			runOnlyForDeploymentPostprocessing = 0;
		};
		3FD2453924149B0B00D285F5 /* Sources */ = {
			isa = PBXSourcesBuildPhase;
			buildActionMask = 2147483647;
			files = (
				3FEE5BCE269C544100B74911 /* Bundle+Extensions.swift in Sources */,
				3FEE5BCA269C4A9000B74911 /* NetworkStringViewModelTests.swift in Sources */,
				3FF69EE32414B6BF0073BF03 /* ExampleTests.swift in Sources */,
			);
			runOnlyForDeploymentPostprocessing = 0;
		};
		3FEE5BD1269C5B6600B74911 /* Sources */ = {
			isa = PBXSourcesBuildPhase;
			buildActionMask = 2147483647;
			files = (
				3FEE5BD8269C5B6700B74911 /* Example_iOSUITests.swift in Sources */,
				3FEE5BE1269C601E00B74911 /* Bundle+Extensions.swift in Sources */,
				3FEE5BE4269C6B7300B74911 /* SnapshotHelper.swift in Sources */,
			);
			runOnlyForDeploymentPostprocessing = 0;
		};
/* End PBXSourcesBuildPhase section */

/* Begin PBXTargetDependency section */
		3FD2454324149B0B00D285F5 /* PBXTargetDependency */ = {
			isa = PBXTargetDependency;
			target = 3F87686920A7E82900DAC66B /* Example-iOS */;
			targetProxy = 3FD2454224149B0B00D285F5 /* PBXContainerItemProxy */;
		};
		3FEE5BDA269C5B6700B74911 /* PBXTargetDependency */ = {
			isa = PBXTargetDependency;
			target = 3F87686920A7E82900DAC66B /* Example-iOS */;
			targetProxy = 3FEE5BD9269C5B6700B74911 /* PBXContainerItemProxy */;
		};
/* End PBXTargetDependency section */

/* Begin PBXVariantGroup section */
		3F87687820A7E82A00DAC66B /* LaunchScreen.storyboard */ = {
			isa = PBXVariantGroup;
			children = (
				3F87687920A7E82A00DAC66B /* Base */,
			);
			name = LaunchScreen.storyboard;
			sourceTree = "<group>";
		};
/* End PBXVariantGroup section */

/* Begin XCBuildConfiguration section */
		3F87688720A7E82B00DAC66B /* Debug */ = {
			isa = XCBuildConfiguration;
			buildSettings = {
				ALWAYS_SEARCH_USER_PATHS = NO;
				CLANG_ANALYZER_NONNULL = YES;
				CLANG_ANALYZER_NUMBER_OBJECT_CONVERSION = YES_AGGRESSIVE;
				CLANG_CXX_LANGUAGE_STANDARD = "gnu++14";
				CLANG_CXX_LIBRARY = "libc++";
				CLANG_ENABLE_MODULES = YES;
				CLANG_ENABLE_OBJC_ARC = YES;
				CLANG_ENABLE_OBJC_WEAK = YES;
				CLANG_WARN_BLOCK_CAPTURE_AUTORELEASING = YES;
				CLANG_WARN_BOOL_CONVERSION = YES;
				CLANG_WARN_COMMA = YES;
				CLANG_WARN_CONSTANT_CONVERSION = YES;
				CLANG_WARN_DEPRECATED_OBJC_IMPLEMENTATIONS = YES;
				CLANG_WARN_DIRECT_OBJC_ISA_USAGE = YES_ERROR;
				CLANG_WARN_DOCUMENTATION_COMMENTS = YES;
				CLANG_WARN_EMPTY_BODY = YES;
				CLANG_WARN_ENUM_CONVERSION = YES;
				CLANG_WARN_INFINITE_RECURSION = YES;
				CLANG_WARN_INT_CONVERSION = YES;
				CLANG_WARN_NON_LITERAL_NULL_CONVERSION = YES;
				CLANG_WARN_OBJC_IMPLICIT_RETAIN_SELF = YES;
				CLANG_WARN_OBJC_LITERAL_CONVERSION = YES;
				CLANG_WARN_OBJC_ROOT_CLASS = YES_ERROR;
				CLANG_WARN_QUOTED_INCLUDE_IN_FRAMEWORK_HEADER = YES;
				CLANG_WARN_RANGE_LOOP_ANALYSIS = YES;
				CLANG_WARN_STRICT_PROTOTYPES = YES;
				CLANG_WARN_SUSPICIOUS_MOVE = YES;
				CLANG_WARN_UNGUARDED_AVAILABILITY = YES_AGGRESSIVE;
				CLANG_WARN_UNREACHABLE_CODE = YES;
				CLANG_WARN__DUPLICATE_METHOD_MATCH = YES;
				CODE_SIGN_IDENTITY = "iPhone Developer";
				COPY_PHASE_STRIP = NO;
				DEBUG_INFORMATION_FORMAT = dwarf;
				ENABLE_STRICT_OBJC_MSGSEND = YES;
				ENABLE_TESTABILITY = YES;
				GCC_C_LANGUAGE_STANDARD = gnu11;
				GCC_DYNAMIC_NO_PIC = NO;
				GCC_NO_COMMON_BLOCKS = YES;
				GCC_OPTIMIZATION_LEVEL = 0;
				GCC_PREPROCESSOR_DEFINITIONS = (
					"DEBUG=1",
					"$(inherited)",
				);
				GCC_WARN_64_TO_32_BIT_CONVERSION = YES;
				GCC_WARN_ABOUT_RETURN_TYPE = YES_ERROR;
				GCC_WARN_UNDECLARED_SELECTOR = YES;
				GCC_WARN_UNINITIALIZED_AUTOS = YES_AGGRESSIVE;
				GCC_WARN_UNUSED_FUNCTION = YES;
				GCC_WARN_UNUSED_VARIABLE = YES;
				IPHONEOS_DEPLOYMENT_TARGET = 12.0;
				MTL_ENABLE_DEBUG_INFO = YES;
				ONLY_ACTIVE_ARCH = YES;
				SDKROOT = iphoneos;
				SWIFT_ACTIVE_COMPILATION_CONDITIONS = DEBUG;
				SWIFT_OPTIMIZATION_LEVEL = "-Onone";
				SWIFT_VERSION = 5.0;
			};
			name = Debug;
		};
		3F87688820A7E82B00DAC66B /* Release */ = {
			isa = XCBuildConfiguration;
			buildSettings = {
				ALWAYS_SEARCH_USER_PATHS = NO;
				CLANG_ANALYZER_NONNULL = YES;
				CLANG_ANALYZER_NUMBER_OBJECT_CONVERSION = YES_AGGRESSIVE;
				CLANG_CXX_LANGUAGE_STANDARD = "gnu++14";
				CLANG_CXX_LIBRARY = "libc++";
				CLANG_ENABLE_MODULES = YES;
				CLANG_ENABLE_OBJC_ARC = YES;
				CLANG_ENABLE_OBJC_WEAK = YES;
				CLANG_WARN_BLOCK_CAPTURE_AUTORELEASING = YES;
				CLANG_WARN_BOOL_CONVERSION = YES;
				CLANG_WARN_COMMA = YES;
				CLANG_WARN_CONSTANT_CONVERSION = YES;
				CLANG_WARN_DEPRECATED_OBJC_IMPLEMENTATIONS = YES;
				CLANG_WARN_DIRECT_OBJC_ISA_USAGE = YES_ERROR;
				CLANG_WARN_DOCUMENTATION_COMMENTS = YES;
				CLANG_WARN_EMPTY_BODY = YES;
				CLANG_WARN_ENUM_CONVERSION = YES;
				CLANG_WARN_INFINITE_RECURSION = YES;
				CLANG_WARN_INT_CONVERSION = YES;
				CLANG_WARN_NON_LITERAL_NULL_CONVERSION = YES;
				CLANG_WARN_OBJC_IMPLICIT_RETAIN_SELF = YES;
				CLANG_WARN_OBJC_LITERAL_CONVERSION = YES;
				CLANG_WARN_OBJC_ROOT_CLASS = YES_ERROR;
				CLANG_WARN_QUOTED_INCLUDE_IN_FRAMEWORK_HEADER = YES;
				CLANG_WARN_RANGE_LOOP_ANALYSIS = YES;
				CLANG_WARN_STRICT_PROTOTYPES = YES;
				CLANG_WARN_SUSPICIOUS_MOVE = YES;
				CLANG_WARN_UNGUARDED_AVAILABILITY = YES_AGGRESSIVE;
				CLANG_WARN_UNREACHABLE_CODE = YES;
				CLANG_WARN__DUPLICATE_METHOD_MATCH = YES;
				CODE_SIGN_IDENTITY = "iPhone Developer";
				COPY_PHASE_STRIP = NO;
				DEBUG_INFORMATION_FORMAT = "dwarf-with-dsym";
				ENABLE_NS_ASSERTIONS = NO;
				ENABLE_STRICT_OBJC_MSGSEND = YES;
				GCC_C_LANGUAGE_STANDARD = gnu11;
				GCC_NO_COMMON_BLOCKS = YES;
				GCC_WARN_64_TO_32_BIT_CONVERSION = YES;
				GCC_WARN_ABOUT_RETURN_TYPE = YES_ERROR;
				GCC_WARN_UNDECLARED_SELECTOR = YES;
				GCC_WARN_UNINITIALIZED_AUTOS = YES_AGGRESSIVE;
				GCC_WARN_UNUSED_FUNCTION = YES;
				GCC_WARN_UNUSED_VARIABLE = YES;
				IPHONEOS_DEPLOYMENT_TARGET = 12.0;
				MTL_ENABLE_DEBUG_INFO = NO;
				SDKROOT = iphoneos;
				SWIFT_COMPILATION_MODE = wholemodule;
				SWIFT_OPTIMIZATION_LEVEL = "-O";
				SWIFT_VERSION = 5.0;
				VALIDATE_PRODUCT = YES;
			};
			name = Release;
		};
		3F87688A20A7E82B00DAC66B /* Debug */ = {
			isa = XCBuildConfiguration;
			buildSettings = {
				ALWAYS_EMBED_SWIFT_STANDARD_LIBRARIES = YES;
				ASSETCATALOG_COMPILER_APPICON_NAME = AppIcon;
				CODE_SIGN_STYLE = Automatic;
				DEVELOPMENT_TEAM = 862DX7386G;
				INFOPLIST_FILE = Source/Info.plist;
				LD_RUNPATH_SEARCH_PATHS = (
					"$(inherited)",
					"@executable_path/Frameworks",
				);
				PRODUCT_BUNDLE_IDENTIFIER = "com.mokten.Example-iOS";
				PRODUCT_NAME = "$(TARGET_NAME)";
				SWIFT_OBJC_INTERFACE_HEADER_NAME = "";
				TARGETED_DEVICE_FAMILY = "1,2";
			};
			name = Debug;
		};
		3F87688B20A7E82B00DAC66B /* Release */ = {
			isa = XCBuildConfiguration;
			buildSettings = {
				ALWAYS_EMBED_SWIFT_STANDARD_LIBRARIES = YES;
				ASSETCATALOG_COMPILER_APPICON_NAME = AppIcon;
				CODE_SIGN_STYLE = Automatic;
				DEVELOPMENT_TEAM = 862DX7386G;
				INFOPLIST_FILE = Source/Info.plist;
				LD_RUNPATH_SEARCH_PATHS = (
					"$(inherited)",
					"@executable_path/Frameworks",
				);
				PRODUCT_BUNDLE_IDENTIFIER = "com.mokten.Example-iOS";
				PRODUCT_NAME = "$(TARGET_NAME)";
				SWIFT_OBJC_INTERFACE_HEADER_NAME = "";
				TARGETED_DEVICE_FAMILY = "1,2";
			};
			name = Release;
		};
		3FD2454424149B0B00D285F5 /* Debug */ = {
			isa = XCBuildConfiguration;
			buildSettings = {
				BUNDLE_LOADER = "$(TEST_HOST)";
				CODE_SIGN_STYLE = Automatic;
				DEVELOPMENT_TEAM = 862DX7386G;
				INFOPLIST_FILE = "Example-iOSTests/Info.plist";
				IPHONEOS_DEPLOYMENT_TARGET = 13.2;
				LD_RUNPATH_SEARCH_PATHS = (
					"$(inherited)",
					"@executable_path/Frameworks",
					"@loader_path/Frameworks",
				);
				MTL_ENABLE_DEBUG_INFO = INCLUDE_SOURCE;
				MTL_FAST_MATH = YES;
				PRODUCT_BUNDLE_IDENTIFIER = "com.mokten.Example-iOSTests";
				PRODUCT_NAME = "$(TARGET_NAME)";
				SWIFT_OBJC_INTERFACE_HEADER_NAME = "";
				SWIFT_VERSION = 5.0;
				TARGETED_DEVICE_FAMILY = "1,2";
				TEST_HOST = "$(BUILT_PRODUCTS_DIR)/Example-iOS.app/Example-iOS";
			};
			name = Debug;
		};
		3FD2454524149B0B00D285F5 /* Release */ = {
			isa = XCBuildConfiguration;
			buildSettings = {
				BUNDLE_LOADER = "$(TEST_HOST)";
				CODE_SIGN_STYLE = Automatic;
				DEVELOPMENT_TEAM = 862DX7386G;
				INFOPLIST_FILE = "Example-iOSTests/Info.plist";
				IPHONEOS_DEPLOYMENT_TARGET = 13.2;
				LD_RUNPATH_SEARCH_PATHS = (
					"$(inherited)",
					"@executable_path/Frameworks",
					"@loader_path/Frameworks",
				);
				MTL_FAST_MATH = YES;
				PRODUCT_BUNDLE_IDENTIFIER = "com.mokten.Example-iOSTests";
				PRODUCT_NAME = "$(TARGET_NAME)";
				SWIFT_OBJC_INTERFACE_HEADER_NAME = "";
				SWIFT_VERSION = 5.0;
				TARGETED_DEVICE_FAMILY = "1,2";
				TEST_HOST = "$(BUILT_PRODUCTS_DIR)/Example-iOS.app/Example-iOS";
			};
			name = Release;
		};
		3FEE5BDB269C5B6700B74911 /* Debug */ = {
			isa = XCBuildConfiguration;
			buildSettings = {
				CODE_SIGN_STYLE = Automatic;
				CURRENT_PROJECT_VERSION = 1;
				DEVELOPMENT_TEAM = 862DX7386G;
				GENERATE_INFOPLIST_FILE = YES;
				IPHONEOS_DEPLOYMENT_TARGET = 15.0;
				LD_RUNPATH_SEARCH_PATHS = (
					"$(inherited)",
					"@executable_path/Frameworks",
					"@loader_path/Frameworks",
				);
				MARKETING_VERSION = 1.0;
				MTL_ENABLE_DEBUG_INFO = INCLUDE_SOURCE;
				MTL_FAST_MATH = YES;
				PRODUCT_BUNDLE_IDENTIFIER = "com.mokten.Example-iOSUITests";
				PRODUCT_NAME = "$(TARGET_NAME)";
				SWIFT_EMIT_LOC_STRINGS = NO;
				SWIFT_VERSION = 5.0;
				TARGETED_DEVICE_FAMILY = "1,2";
				TEST_TARGET_NAME = "Example-iOS";
			};
			name = Debug;
		};
		3FEE5BDC269C5B6700B74911 /* Release */ = {
			isa = XCBuildConfiguration;
			buildSettings = {
				CODE_SIGN_STYLE = Automatic;
				CURRENT_PROJECT_VERSION = 1;
				DEVELOPMENT_TEAM = 862DX7386G;
				GENERATE_INFOPLIST_FILE = YES;
				IPHONEOS_DEPLOYMENT_TARGET = 15.0;
				LD_RUNPATH_SEARCH_PATHS = (
					"$(inherited)",
					"@executable_path/Frameworks",
					"@loader_path/Frameworks",
				);
				MARKETING_VERSION = 1.0;
				MTL_FAST_MATH = YES;
				PRODUCT_BUNDLE_IDENTIFIER = "com.mokten.Example-iOSUITests";
				PRODUCT_NAME = "$(TARGET_NAME)";
				SWIFT_EMIT_LOC_STRINGS = NO;
				SWIFT_VERSION = 5.0;
				TARGETED_DEVICE_FAMILY = "1,2";
				TEST_TARGET_NAME = "Example-iOS";
			};
			name = Release;
		};
/* End XCBuildConfiguration section */

/* Begin XCConfigurationList section */
		3F87686520A7E82900DAC66B /* Build configuration list for PBXProject "Example-iOS" */ = {
			isa = XCConfigurationList;
			buildConfigurations = (
				3F87688720A7E82B00DAC66B /* Debug */,
				3F87688820A7E82B00DAC66B /* Release */,
			);
			defaultConfigurationIsVisible = 0;
			defaultConfigurationName = Release;
		};
		3F87688920A7E82B00DAC66B /* Build configuration list for PBXNativeTarget "Example-iOS" */ = {
			isa = XCConfigurationList;
			buildConfigurations = (
				3F87688A20A7E82B00DAC66B /* Debug */,
				3F87688B20A7E82B00DAC66B /* Release */,
			);
			defaultConfigurationIsVisible = 0;
			defaultConfigurationName = Release;
		};
		3FD2454624149B0B00D285F5 /* Build configuration list for PBXNativeTarget "Example-iOSTests" */ = {
			isa = XCConfigurationList;
			buildConfigurations = (
				3FD2454424149B0B00D285F5 /* Debug */,
				3FD2454524149B0B00D285F5 /* Release */,
			);
			defaultConfigurationIsVisible = 0;
			defaultConfigurationName = Release;
		};
		3FEE5BDD269C5B6700B74911 /* Build configuration list for PBXNativeTarget "Example-iOSUITests" */ = {
			isa = XCConfigurationList;
			buildConfigurations = (
				3FEE5BDB269C5B6700B74911 /* Debug */,
				3FEE5BDC269C5B6700B74911 /* Release */,
			);
			defaultConfigurationIsVisible = 0;
			defaultConfigurationName = Release;
		};
/* End XCConfigurationList section */
	};
	rootObject = 3F87686220A7E82900DAC66B /* Project object */;
}
